// !$*UTF8*$!
{
	archiveVersion = 1;
	classes = {
	};
	objectVersion = 46;
	objects = {

/* Begin PBXBuildFile section */
		3F9FEC9A19D2AF3000833E47 /* AppDelegate.swift in Sources */ = {isa = PBXBuildFile; fileRef = 3F9FEC9919D2AF3000833E47 /* AppDelegate.swift */; };
		3F9FEC9C19D2AF3000833E47 /* ViewController.swift in Sources */ = {isa = PBXBuildFile; fileRef = 3F9FEC9B19D2AF3000833E47 /* ViewController.swift */; };
		3F9FEC9F19D2AF3000833E47 /* Main.storyboard in Resources */ = {isa = PBXBuildFile; fileRef = 3F9FEC9D19D2AF3000833E47 /* Main.storyboard */; };
		3F9FECA119D2AF3000833E47 /* Images.xcassets in Resources */ = {isa = PBXBuildFile; fileRef = 3F9FECA019D2AF3000833E47 /* Images.xcassets */; };
		3F9FECA419D2AF3000833E47 /* LaunchScreen.xib in Resources */ = {isa = PBXBuildFile; fileRef = 3F9FECA219D2AF3000833E47 /* LaunchScreen.xib */; };
		3F9FECB019D2AF3000833E47 /* randomTests.swift in Sources */ = {isa = PBXBuildFile; fileRef = 3F9FECAF19D2AF3000833E47 /* randomTests.swift */; };
/* End PBXBuildFile section */

/* Begin PBXContainerItemProxy section */
		3F9FECAA19D2AF3000833E47 /* PBXContainerItemProxy */ = {
			isa = PBXContainerItemProxy;
			containerPortal = 3F9FEC8C19D2AF3000833E47 /* Project object */;
			proxyType = 1;
			remoteGlobalIDString = 3F9FEC9319D2AF3000833E47;
			remoteInfo = random;
		};
/* End PBXContainerItemProxy section */

/* Begin PBXFileReference section */
		3F9FEC9419D2AF3000833E47 /* random.app */ = {isa = PBXFileReference; explicitFileType = wrapper.application; includeInIndex = 0; path = random.app; sourceTree = BUILT_PRODUCTS_DIR; };
		3F9FEC9819D2AF3000833E47 /* Info.plist */ = {isa = PBXFileReference; lastKnownFileType = text.plist.xml; path = Info.plist; sourceTree = "<group>"; };
		3F9FEC9919D2AF3000833E47 /* AppDelegate.swift */ = {isa = PBXFileReference; lastKnownFileType = sourcecode.swift; path = AppDelegate.swift; sourceTree = "<group>"; };
		3F9FEC9B19D2AF3000833E47 /* ViewController.swift */ = {isa = PBXFileReference; lastKnownFileType = sourcecode.swift; path = ViewController.swift; sourceTree = "<group>"; };
		3F9FEC9E19D2AF3000833E47 /* Base */ = {isa = PBXFileReference; lastKnownFileType = file.storyboard; name = Base; path = Base.lproj/Main.storyboard; sourceTree = "<group>"; };
		3F9FECA019D2AF3000833E47 /* Images.xcassets */ = {isa = PBXFileReference; lastKnownFileType = folder.assetcatalog; path = Images.xcassets; sourceTree = "<group>"; };
		3F9FECA319D2AF3000833E47 /* Base */ = {isa = PBXFileReference; lastKnownFileType = file.xib; name = Base; path = Base.lproj/LaunchScreen.xib; sourceTree = "<group>"; };
		3F9FECA919D2AF3000833E47 /* randomTests.xctest */ = {isa = PBXFileReference; explicitFileType = wrapper.cfbundle; includeInIndex = 0; path = randomTests.xctest; sourceTree = BUILT_PRODUCTS_DIR; };
		3F9FECAE19D2AF3000833E47 /* Info.plist */ = {isa = PBXFileReference; lastKnownFileType = text.plist.xml; path = Info.plist; sourceTree = "<group>"; };
		3F9FECAF19D2AF3000833E47 /* randomTests.swift */ = {isa = PBXFileReference; lastKnownFileType = sourcecode.swift; path = randomTests.swift; sourceTree = "<group>"; };
/* End PBXFileReference section */

/* Begin PBXFrameworksBuildPhase section */
		3F9FEC9119D2AF3000833E47 /* Frameworks */ = {
			isa = PBXFrameworksBuildPhase;
			buildActionMask = 2147483647;
			files = (
			);
			runOnlyForDeploymentPostprocessing = 0;
		};
		3F9FECA619D2AF3000833E47 /* Frameworks */ = {
			isa = PBXFrameworksBuildPhase;
			buildActionMask = 2147483647;
			files = (
			);
			runOnlyForDeploymentPostprocessing = 0;
		};
/* End PBXFrameworksBuildPhase section */

/* Begin PBXGroup section */
		3F9FEC8B19D2AF3000833E47 = {
			isa = PBXGroup;
			children = (
				3F9FEC9619D2AF3000833E47 /* random */,
				3F9FECAC19D2AF3000833E47 /* randomTests */,
				3F9FEC9519D2AF3000833E47 /* Products */,
			);
			sourceTree = "<group>";
		};
		3F9FEC9519D2AF3000833E47 /* Products */ = {
			isa = PBXGroup;
			children = (
				3F9FEC9419D2AF3000833E47 /* random.app */,
				3F9FECA919D2AF3000833E47 /* randomTests.xctest */,
			);
			name = Products;
			sourceTree = "<group>";
		};
		3F9FEC9619D2AF3000833E47 /* random */ = {
			isa = PBXGroup;
			children = (
				3F9FEC9919D2AF3000833E47 /* AppDelegate.swift */,
				3F9FEC9B19D2AF3000833E47 /* ViewController.swift */,
				3F9FEC9D19D2AF3000833E47 /* Main.storyboard */,
				3F9FECA019D2AF3000833E47 /* Images.xcassets */,
				3F9FECA219D2AF3000833E47 /* LaunchScreen.xib */,
				3F9FEC9719D2AF3000833E47 /* Supporting Files */,
			);
			path = random;
			sourceTree = "<group>";
		};
		3F9FEC9719D2AF3000833E47 /* Supporting Files */ = {
			isa = PBXGroup;
			children = (
				3F9FEC9819D2AF3000833E47 /* Info.plist */,
			);
			name = "Supporting Files";
			sourceTree = "<group>";
		};
		3F9FECAC19D2AF3000833E47 /* randomTests */ = {
			isa = PBXGroup;
			children = (
				3F9FECAF19D2AF3000833E47 /* randomTests.swift */,
				3F9FECAD19D2AF3000833E47 /* Supporting Files */,
			);
			path = randomTests;
			sourceTree = "<group>";
		};
		3F9FECAD19D2AF3000833E47 /* Supporting Files */ = {
			isa = PBXGroup;
			children = (
				3F9FECAE19D2AF3000833E47 /* Info.plist */,
			);
			name = "Supporting Files";
			sourceTree = "<group>";
		};
/* End PBXGroup section */

/* Begin PBXNativeTarget section */
		3F9FEC9319D2AF3000833E47 /* random */ = {
			isa = PBXNativeTarget;
			buildConfigurationList = 3F9FECB319D2AF3000833E47 /* Build configuration list for PBXNativeTarget "random" */;
			buildPhases = (
				3F9FEC9019D2AF3000833E47 /* Sources */,
				3F9FEC9119D2AF3000833E47 /* Frameworks */,
				3F9FEC9219D2AF3000833E47 /* Resources */,
			);
			buildRules = (
			);
			dependencies = (
			);
			name = random;
			productName = random;
			productReference = 3F9FEC9419D2AF3000833E47 /* random.app */;
			productType = "com.apple.product-type.application";
		};
		3F9FECA819D2AF3000833E47 /* randomTests */ = {
			isa = PBXNativeTarget;
			buildConfigurationList = 3F9FECB619D2AF3000833E47 /* Build configuration list for PBXNativeTarget "randomTests" */;
			buildPhases = (
				3F9FECA519D2AF3000833E47 /* Sources */,
				3F9FECA619D2AF3000833E47 /* Frameworks */,
				3F9FECA719D2AF3000833E47 /* Resources */,
			);
			buildRules = (
			);
			dependencies = (
				3F9FECAB19D2AF3000833E47 /* PBXTargetDependency */,
			);
			name = randomTests;
			productName = randomTests;
			productReference = 3F9FECA919D2AF3000833E47 /* randomTests.xctest */;
			productType = "com.apple.product-type.bundle.unit-test";
		};
/* End PBXNativeTarget section */

/* Begin PBXProject section */
		3F9FEC8C19D2AF3000833E47 /* Project object */ = {
			isa = PBXProject;
			attributes = {
				LastUpgradeCheck = 0600;
				ORGANIZATIONNAME = Student;
				TargetAttributes = {
					3F9FEC9319D2AF3000833E47 = {
						CreatedOnToolsVersion = 6.0;
					};
					3F9FECA819D2AF3000833E47 = {
						CreatedOnToolsVersion = 6.0;
						TestTargetID = 3F9FEC9319D2AF3000833E47;
					};
				};
			};
			buildConfigurationList = 3F9FEC8F19D2AF3000833E47 /* Build configuration list for PBXProject "random" */;
			compatibilityVersion = "Xcode 3.2";
			developmentRegion = English;
			hasScannedForEncodings = 0;
			knownRegions = (
				en,
				Base,
			);
			mainGroup = 3F9FEC8B19D2AF3000833E47;
			productRefGroup = 3F9FEC9519D2AF3000833E47 /* Products */;
			projectDirPath = "";
			projectRoot = "";
			targets = (
				3F9FEC9319D2AF3000833E47 /* random */,
				3F9FECA819D2AF3000833E47 /* randomTests */,
			);
		};
/* End PBXProject section */

/* Begin PBXResourcesBuildPhase section */
		3F9FEC9219D2AF3000833E47 /* Resources */ = {
			isa = PBXResourcesBuildPhase;
			buildActionMask = 2147483647;
			files = (
				3F9FEC9F19D2AF3000833E47 /* Main.storyboard in Resources */,
				3F9FECA419D2AF3000833E47 /* LaunchScreen.xib in Resources */,
				3F9FECA119D2AF3000833E47 /* Images.xcassets in Resources */,
			);
			runOnlyForDeploymentPostprocessing = 0;
		};
		3F9FECA719D2AF3000833E47 /* Resources */ = {
			isa = PBXResourcesBuildPhase;
			buildActionMask = 2147483647;
			files = (
			);
			runOnlyForDeploymentPostprocessing = 0;
		};
/* End PBXResourcesBuildPhase section */

/* Begin PBXSourcesBuildPhase section */
		3F9FEC9019D2AF3000833E47 /* Sources */ = {
			isa = PBXSourcesBuildPhase;
			buildActionMask = 2147483647;
			files = (
				3F9FEC9C19D2AF3000833E47 /* ViewController.swift in Sources */,
				3F9FEC9A19D2AF3000833E47 /* AppDelegate.swift in Sources */,
			);
			runOnlyForDeploymentPostprocessing = 0;
		};
		3F9FECA519D2AF3000833E47 /* Sources */ = {
			isa = PBXSourcesBuildPhase;
			buildActionMask = 2147483647;
			files = (
				3F9FECB019D2AF3000833E47 /* randomTests.swift in Sources */,
			);
			runOnlyForDeploymentPostprocessing = 0;
		};
/* End PBXSourcesBuildPhase section */

/* Begin PBXTargetDependency section */
		3F9FECAB19D2AF3000833E47 /* PBXTargetDependency */ = {
			isa = PBXTargetDependency;
			target = 3F9FEC9319D2AF3000833E47 /* random */;
			targetProxy = 3F9FECAA19D2AF3000833E47 /* PBXContainerItemProxy */;
		};
/* End PBXTargetDependency section */

/* Begin PBXVariantGroup section */
		3F9FEC9D19D2AF3000833E47 /* Main.storyboard */ = {
			isa = PBXVariantGroup;
			children = (
				3F9FEC9E19D2AF3000833E47 /* Base */,
			);
			name = Main.storyboard;
			sourceTree = "<group>";
		};
		3F9FECA219D2AF3000833E47 /* LaunchScreen.xib */ = {
			isa = PBXVariantGroup;
			children = (
				3F9FECA319D2AF3000833E47 /* Base */,
			);
			name = LaunchScreen.xib;
			sourceTree = "<group>";
		};
/* End PBXVariantGroup section */

/* Begin XCBuildConfiguration section */
		3F9FECB119D2AF3000833E47 /* Debug */ = {
			isa = XCBuildConfiguration;
			buildSettings = {
				ALWAYS_SEARCH_USER_PATHS = NO;
				CLANG_CXX_LANGUAGE_STANDARD = "gnu++0x";
				CLANG_CXX_LIBRARY = "libc++";
				CLANG_ENABLE_MODULES = YES;
				CLANG_ENABLE_OBJC_ARC = YES;
				CLANG_WARN_BOOL_CONVERSION = YES;
				CLANG_WARN_CONSTANT_CONVERSION = YES;
				CLANG_WARN_DIRECT_OBJC_ISA_USAGE = YES_ERROR;
				CLANG_WARN_EMPTY_BODY = YES;
				CLANG_WARN_ENUM_CONVERSION = YES;
				CLANG_WARN_INT_CONVERSION = YES;
				CLANG_WARN_OBJC_ROOT_CLASS = YES_ERROR;
				CLANG_WARN_UNREACHABLE_CODE = YES;
				CLANG_WARN__DUPLICATE_METHOD_MATCH = YES;
				"CODE_SIGN_IDENTITY[sdk=iphoneos*]" = "iPhone Developer";
				COPY_PHASE_STRIP = NO;
				ENABLE_STRICT_OBJC_MSGSEND = YES;
				GCC_C_LANGUAGE_STANDARD = gnu99;
				GCC_DYNAMIC_NO_PIC = NO;
				GCC_OPTIMIZATION_LEVEL = 0;
				GCC_PREPROCESSOR_DEFINITIONS = (
					"DEBUG=1",
					"$(inherited)",
				);
				GCC_SYMBOLS_PRIVATE_EXTERN = NO;
				GCC_WARN_64_TO_32_BIT_CONVERSION = YES;
				GCC_WARN_ABOUT_RETURN_TYPE = YES_ERROR;
				GCC_WARN_UNDECLARED_SELECTOR = YES;
				GCC_WARN_UNINITIALIZED_AUTOS = YES_AGGRESSIVE;
				GCC_WARN_UNUSED_FUNCTION = YES;
				GCC_WARN_UNUSED_VARIABLE = YES;
				IPHONEOS_DEPLOYMENT_TARGET = 8.0;
				MTL_ENABLE_DEBUG_INFO = YES;
				ONLY_ACTIVE_ARCH = YES;
				SDKROOT = iphoneos;
				SWIFT_OPTIMIZATION_LEVEL = "-Onone";
			};
			name = Debug;
		};
		3F9FECB219D2AF3000833E47 /* Release */ = {
			isa = XCBuildConfiguration;
			buildSettings = {
				ALWAYS_SEARCH_USER_PATHS = NO;
				CLANG_CXX_LANGUAGE_STANDARD = "gnu++0x";
				CLANG_CXX_LIBRARY = "libc++";
				CLANG_ENABLE_MODULES = YES;
				CLANG_ENABLE_OBJC_ARC = YES;
				CLANG_WARN_BOOL_CONVERSION = YES;
				CLANG_WARN_CONSTANT_CONVERSION = YES;
				CLANG_WARN_DIRECT_OBJC_ISA_USAGE = YES_ERROR;
				CLANG_WARN_EMPTY_BODY = YES;
				CLANG_WARN_ENUM_CONVERSION = YES;
				CLANG_WARN_INT_CONVERSION = YES;
				CLANG_WARN_OBJC_ROOT_CLASS = YES_ERROR;
				CLANG_WARN_UNREACHABLE_CODE = YES;
				CLANG_WARN__DUPLICATE_METHOD_MATCH = YES;
				"CODE_SIGN_IDENTITY[sdk=iphoneos*]" = "iPhone Developer";
				COPY_PHASE_STRIP = YES;
				ENABLE_NS_ASSERTIONS = NO;
				ENABLE_STRICT_OBJC_MSGSEND = YES;
				GCC_C_LANGUAGE_STANDARD = gnu99;
				GCC_WARN_64_TO_32_BIT_CONVERSION = YES;
				GCC_WARN_ABOUT_RETURN_TYPE = YES_ERROR;
				GCC_WARN_UNDECLARED_SELECTOR = YES;
				GCC_WARN_UNINITIALIZED_AUTOS = YES_AGGRESSIVE;
				GCC_WARN_UNUSED_FUNCTION = YES;
				GCC_WARN_UNUSED_VARIABLE = YES;
				IPHONEOS_DEPLOYMENT_TARGET = 8.0;
				MTL_ENABLE_DEBUG_INFO = NO;
				SDKROOT = iphoneos;
				VALIDATE_PRODUCT = YES;
			};
			name = Release;
		};
		3F9FECB419D2AF3000833E47 /* Debug */ = {
			isa = XCBuildConfiguration;
			buildSettings = {
				ASSETCATALOG_COMPILER_APPICON_NAME = AppIcon;
				INFOPLIST_FILE = random/Info.plist;
				LD_RUNPATH_SEARCH_PATHS = "$(inherited) @executable_path/Frameworks";
				PRODUCT_NAME = "$(TARGET_NAME)";
			};
			name = Debug;
		};
		3F9FECB519D2AF3000833E47 /* Release */ = {
			isa = XCBuildConfiguration;
			buildSettings = {
				ASSETCATALOG_COMPILER_APPICON_NAME = AppIcon;
				INFOPLIST_FILE = random/Info.plist;
				LD_RUNPATH_SEARCH_PATHS = "$(inherited) @executable_path/Frameworks";
				PRODUCT_NAME = "$(TARGET_NAME)";
			};
			name = Release;
		};
		3F9FECB719D2AF3000833E47 /* Debug */ = {
			isa = XCBuildConfiguration;
			buildSettings = {
				BUNDLE_LOADER = "$(TEST_HOST)";
				FRAMEWORK_SEARCH_PATHS = (
					"$(SDKROOT)/Developer/Library/Frameworks",
					"$(inherited)",
				);
				GCC_PREPROCESSOR_DEFINITIONS = (
					"DEBUG=1",
					"$(inherited)",
				);
				INFOPLIST_FILE = randomTests/Info.plist;
				LD_RUNPATH_SEARCH_PATHS = "$(inherited) @executable_path/Frameworks @loader_path/Frameworks";
				PRODUCT_NAME = "$(TARGET_NAME)";
				TEST_HOST = "$(BUILT_PRODUCTS_DIR)/random.app/random";
			};
			name = Debug;
		};
		3F9FECB819D2AF3000833E47 /* Release */ = {
			isa = XCBuildConfiguration;
			buildSettings = {
				BUNDLE_LOADER = "$(TEST_HOST)";
				FRAMEWORK_SEARCH_PATHS = (
					"$(SDKROOT)/Developer/Library/Frameworks",
					"$(inherited)",
				);
				INFOPLIST_FILE = randomTests/Info.plist;
				LD_RUNPATH_SEARCH_PATHS = "$(inherited) @executable_path/Frameworks @loader_path/Frameworks";
				PRODUCT_NAME = "$(TARGET_NAME)";
				TEST_HOST = "$(BUILT_PRODUCTS_DIR)/random.app/random";
			};
			name = Release;
		};
/* End XCBuildConfiguration section */

/* Begin XCConfigurationList section */
		3F9FEC8F19D2AF3000833E47 /* Build configuration list for PBXProject "random" */ = {
			isa = XCConfigurationList;
			buildConfigurations = (
				3F9FECB119D2AF3000833E47 /* Debug */,
				3F9FECB219D2AF3000833E47 /* Release */,
			);
			defaultConfigurationIsVisible = 0;
			defaultConfigurationName = Release;
		};
		3F9FECB319D2AF3000833E47 /* Build configuration list for PBXNativeTarget "random" */ = {
			isa = XCConfigurationList;
			buildConfigurations = (
				3F9FECB419D2AF3000833E47 /* Debug */,
				3F9FECB519D2AF3000833E47 /* Release */,
			);
			defaultConfigurationIsVisible = 0;
		};
		3F9FECB619D2AF3000833E47 /* Build configuration list for PBXNativeTarget "randomTests" */ = {
			isa = XCConfigurationList;
			buildConfigurations = (
				3F9FECB719D2AF3000833E47 /* Debug */,
				3F9FECB819D2AF3000833E47 /* Release */,
			);
			defaultConfigurationIsVisible = 0;
		};
/* End XCConfigurationList section */
	};
	rootObject = 3F9FEC8C19D2AF3000833E47 /* Project object */;
}
