// !$*UTF8*$!
{
	archiveVersion = 1;
	classes = {
	};
	objectVersion = 46;
	objects = {

/* Begin PBXBuildFile section */
		3F3D0B941A0CBAD2009A3A7B /* AppDelegate.swift in Sources */ = {isa = PBXBuildFile; fileRef = 3F3D0B931A0CBAD2009A3A7B /* AppDelegate.swift */; };
		3F3D0B971A0CBAD2009A3A7B /* Animation2.xcdatamodeld in Sources */ = {isa = PBXBuildFile; fileRef = 3F3D0B951A0CBAD2009A3A7B /* Animation2.xcdatamodeld */; };
		3F3D0B991A0CBAD2009A3A7B /* ViewController.swift in Sources */ = {isa = PBXBuildFile; fileRef = 3F3D0B981A0CBAD2009A3A7B /* ViewController.swift */; };
		3F3D0B9C1A0CBAD2009A3A7B /* Main.storyboard in Resources */ = {isa = PBXBuildFile; fileRef = 3F3D0B9A1A0CBAD2009A3A7B /* Main.storyboard */; };
		3F3D0B9E1A0CBAD2009A3A7B /* Images.xcassets in Resources */ = {isa = PBXBuildFile; fileRef = 3F3D0B9D1A0CBAD2009A3A7B /* Images.xcassets */; };
		3F3D0BA11A0CBAD2009A3A7B /* LaunchScreen.xib in Resources */ = {isa = PBXBuildFile; fileRef = 3F3D0B9F1A0CBAD2009A3A7B /* LaunchScreen.xib */; };
		3F3D0BAD1A0CBAD2009A3A7B /* Animation2Tests.swift in Sources */ = {isa = PBXBuildFile; fileRef = 3F3D0BAC1A0CBAD2009A3A7B /* Animation2Tests.swift */; };
/* End PBXBuildFile section */

/* Begin PBXContainerItemProxy section */
		3F3D0BA71A0CBAD2009A3A7B /* PBXContainerItemProxy */ = {
			isa = PBXContainerItemProxy;
			containerPortal = 3F3D0B861A0CBAD2009A3A7B /* Project object */;
			proxyType = 1;
			remoteGlobalIDString = 3F3D0B8D1A0CBAD2009A3A7B;
			remoteInfo = Animation2;
		};
/* End PBXContainerItemProxy section */

/* Begin PBXFileReference section */
		3F3D0B8E1A0CBAD2009A3A7B /* Animation2.app */ = {isa = PBXFileReference; explicitFileType = wrapper.application; includeInIndex = 0; path = Animation2.app; sourceTree = BUILT_PRODUCTS_DIR; };
		3F3D0B921A0CBAD2009A3A7B /* Info.plist */ = {isa = PBXFileReference; lastKnownFileType = text.plist.xml; path = Info.plist; sourceTree = "<group>"; };
		3F3D0B931A0CBAD2009A3A7B /* AppDelegate.swift */ = {isa = PBXFileReference; lastKnownFileType = sourcecode.swift; path = AppDelegate.swift; sourceTree = "<group>"; };
		3F3D0B961A0CBAD2009A3A7B /* Animation2.xcdatamodel */ = {isa = PBXFileReference; lastKnownFileType = wrapper.xcdatamodel; path = Animation2.xcdatamodel; sourceTree = "<group>"; };
		3F3D0B981A0CBAD2009A3A7B /* ViewController.swift */ = {isa = PBXFileReference; lastKnownFileType = sourcecode.swift; path = ViewController.swift; sourceTree = "<group>"; };
		3F3D0B9B1A0CBAD2009A3A7B /* Base */ = {isa = PBXFileReference; lastKnownFileType = file.storyboard; name = Base; path = Base.lproj/Main.storyboard; sourceTree = "<group>"; };
		3F3D0B9D1A0CBAD2009A3A7B /* Images.xcassets */ = {isa = PBXFileReference; lastKnownFileType = folder.assetcatalog; path = Images.xcassets; sourceTree = "<group>"; };
		3F3D0BA01A0CBAD2009A3A7B /* Base */ = {isa = PBXFileReference; lastKnownFileType = file.xib; name = Base; path = Base.lproj/LaunchScreen.xib; sourceTree = "<group>"; };
		3F3D0BA61A0CBAD2009A3A7B /* Animation2Tests.xctest */ = {isa = PBXFileReference; explicitFileType = wrapper.cfbundle; includeInIndex = 0; path = Animation2Tests.xctest; sourceTree = BUILT_PRODUCTS_DIR; };
		3F3D0BAB1A0CBAD2009A3A7B /* Info.plist */ = {isa = PBXFileReference; lastKnownFileType = text.plist.xml; path = Info.plist; sourceTree = "<group>"; };
		3F3D0BAC1A0CBAD2009A3A7B /* Animation2Tests.swift */ = {isa = PBXFileReference; lastKnownFileType = sourcecode.swift; path = Animation2Tests.swift; sourceTree = "<group>"; };
/* End PBXFileReference section */

/* Begin PBXFrameworksBuildPhase section */
		3F3D0B8B1A0CBAD2009A3A7B /* Frameworks */ = {
			isa = PBXFrameworksBuildPhase;
			buildActionMask = 2147483647;
			files = (
			);
			runOnlyForDeploymentPostprocessing = 0;
		};
		3F3D0BA31A0CBAD2009A3A7B /* Frameworks */ = {
			isa = PBXFrameworksBuildPhase;
			buildActionMask = 2147483647;
			files = (
			);
			runOnlyForDeploymentPostprocessing = 0;
		};
/* End PBXFrameworksBuildPhase section */

/* Begin PBXGroup section */
		3F3D0B851A0CBAD2009A3A7B = {
			isa = PBXGroup;
			children = (
				3F3D0B901A0CBAD2009A3A7B /* Animation2 */,
				3F3D0BA91A0CBAD2009A3A7B /* Animation2Tests */,
				3F3D0B8F1A0CBAD2009A3A7B /* Products */,
			);
			sourceTree = "<group>";
		};
		3F3D0B8F1A0CBAD2009A3A7B /* Products */ = {
			isa = PBXGroup;
			children = (
				3F3D0B8E1A0CBAD2009A3A7B /* Animation2.app */,
				3F3D0BA61A0CBAD2009A3A7B /* Animation2Tests.xctest */,
			);
			name = Products;
			sourceTree = "<group>";
		};
		3F3D0B901A0CBAD2009A3A7B /* Animation2 */ = {
			isa = PBXGroup;
			children = (
				3F3D0B931A0CBAD2009A3A7B /* AppDelegate.swift */,
				3F3D0B981A0CBAD2009A3A7B /* ViewController.swift */,
				3F3D0B9A1A0CBAD2009A3A7B /* Main.storyboard */,
				3F3D0B9D1A0CBAD2009A3A7B /* Images.xcassets */,
				3F3D0B9F1A0CBAD2009A3A7B /* LaunchScreen.xib */,
				3F3D0B951A0CBAD2009A3A7B /* Animation2.xcdatamodeld */,
				3F3D0B911A0CBAD2009A3A7B /* Supporting Files */,
			);
			path = Animation2;
			sourceTree = "<group>";
		};
		3F3D0B911A0CBAD2009A3A7B /* Supporting Files */ = {
			isa = PBXGroup;
			children = (
				3F3D0B921A0CBAD2009A3A7B /* Info.plist */,
			);
			name = "Supporting Files";
			sourceTree = "<group>";
		};
		3F3D0BA91A0CBAD2009A3A7B /* Animation2Tests */ = {
			isa = PBXGroup;
			children = (
				3F3D0BAC1A0CBAD2009A3A7B /* Animation2Tests.swift */,
				3F3D0BAA1A0CBAD2009A3A7B /* Supporting Files */,
			);
			path = Animation2Tests;
			sourceTree = "<group>";
		};
		3F3D0BAA1A0CBAD2009A3A7B /* Supporting Files */ = {
			isa = PBXGroup;
			children = (
				3F3D0BAB1A0CBAD2009A3A7B /* Info.plist */,
			);
			name = "Supporting Files";
			sourceTree = "<group>";
		};
/* End PBXGroup section */

/* Begin PBXNativeTarget section */
		3F3D0B8D1A0CBAD2009A3A7B /* Animation2 */ = {
			isa = PBXNativeTarget;
			buildConfigurationList = 3F3D0BB01A0CBAD2009A3A7B /* Build configuration list for PBXNativeTarget "Animation2" */;
			buildPhases = (
				3F3D0B8A1A0CBAD2009A3A7B /* Sources */,
				3F3D0B8B1A0CBAD2009A3A7B /* Frameworks */,
				3F3D0B8C1A0CBAD2009A3A7B /* Resources */,
			);
			buildRules = (
			);
			dependencies = (
			);
			name = Animation2;
			productName = Animation2;
			productReference = 3F3D0B8E1A0CBAD2009A3A7B /* Animation2.app */;
			productType = "com.apple.product-type.application";
		};
		3F3D0BA51A0CBAD2009A3A7B /* Animation2Tests */ = {
			isa = PBXNativeTarget;
			buildConfigurationList = 3F3D0BB31A0CBAD2009A3A7B /* Build configuration list for PBXNativeTarget "Animation2Tests" */;
			buildPhases = (
				3F3D0BA21A0CBAD2009A3A7B /* Sources */,
				3F3D0BA31A0CBAD2009A3A7B /* Frameworks */,
				3F3D0BA41A0CBAD2009A3A7B /* Resources */,
			);
			buildRules = (
			);
			dependencies = (
				3F3D0BA81A0CBAD2009A3A7B /* PBXTargetDependency */,
			);
			name = Animation2Tests;
			productName = Animation2Tests;
			productReference = 3F3D0BA61A0CBAD2009A3A7B /* Animation2Tests.xctest */;
			productType = "com.apple.product-type.bundle.unit-test";
		};
/* End PBXNativeTarget section */

/* Begin PBXProject section */
		3F3D0B861A0CBAD2009A3A7B /* Project object */ = {
			isa = PBXProject;
			attributes = {
				LastUpgradeCheck = 0600;
				ORGANIZATIONNAME = Student;
				TargetAttributes = {
					3F3D0B8D1A0CBAD2009A3A7B = {
						CreatedOnToolsVersion = 6.0;
					};
					3F3D0BA51A0CBAD2009A3A7B = {
						CreatedOnToolsVersion = 6.0;
						TestTargetID = 3F3D0B8D1A0CBAD2009A3A7B;
					};
				};
			};
			buildConfigurationList = 3F3D0B891A0CBAD2009A3A7B /* Build configuration list for PBXProject "Animation2" */;
			compatibilityVersion = "Xcode 3.2";
			developmentRegion = English;
			hasScannedForEncodings = 0;
			knownRegions = (
				en,
				Base,
			);
			mainGroup = 3F3D0B851A0CBAD2009A3A7B;
			productRefGroup = 3F3D0B8F1A0CBAD2009A3A7B /* Products */;
			projectDirPath = "";
			projectRoot = "";
			targets = (
				3F3D0B8D1A0CBAD2009A3A7B /* Animation2 */,
				3F3D0BA51A0CBAD2009A3A7B /* Animation2Tests */,
			);
		};
/* End PBXProject section */

/* Begin PBXResourcesBuildPhase section */
		3F3D0B8C1A0CBAD2009A3A7B /* Resources */ = {
			isa = PBXResourcesBuildPhase;
			buildActionMask = 2147483647;
			files = (
				3F3D0B9C1A0CBAD2009A3A7B /* Main.storyboard in Resources */,
				3F3D0BA11A0CBAD2009A3A7B /* LaunchScreen.xib in Resources */,
				3F3D0B9E1A0CBAD2009A3A7B /* Images.xcassets in Resources */,
			);
			runOnlyForDeploymentPostprocessing = 0;
		};
		3F3D0BA41A0CBAD2009A3A7B /* Resources */ = {
			isa = PBXResourcesBuildPhase;
			buildActionMask = 2147483647;
			files = (
			);
			runOnlyForDeploymentPostprocessing = 0;
		};
/* End PBXResourcesBuildPhase section */

/* Begin PBXSourcesBuildPhase section */
		3F3D0B8A1A0CBAD2009A3A7B /* Sources */ = {
			isa = PBXSourcesBuildPhase;
			buildActionMask = 2147483647;
			files = (
				3F3D0B991A0CBAD2009A3A7B /* ViewController.swift in Sources */,
				3F3D0B941A0CBAD2009A3A7B /* AppDelegate.swift in Sources */,
				3F3D0B971A0CBAD2009A3A7B /* Animation2.xcdatamodeld in Sources */,
			);
			runOnlyForDeploymentPostprocessing = 0;
		};
		3F3D0BA21A0CBAD2009A3A7B /* Sources */ = {
			isa = PBXSourcesBuildPhase;
			buildActionMask = 2147483647;
			files = (
				3F3D0BAD1A0CBAD2009A3A7B /* Animation2Tests.swift in Sources */,
			);
			runOnlyForDeploymentPostprocessing = 0;
		};
/* End PBXSourcesBuildPhase section */

/* Begin PBXTargetDependency section */
		3F3D0BA81A0CBAD2009A3A7B /* PBXTargetDependency */ = {
			isa = PBXTargetDependency;
			target = 3F3D0B8D1A0CBAD2009A3A7B /* Animation2 */;
			targetProxy = 3F3D0BA71A0CBAD2009A3A7B /* PBXContainerItemProxy */;
		};
/* End PBXTargetDependency section */

/* Begin PBXVariantGroup section */
		3F3D0B9A1A0CBAD2009A3A7B /* Main.storyboard */ = {
			isa = PBXVariantGroup;
			children = (
				3F3D0B9B1A0CBAD2009A3A7B /* Base */,
			);
			name = Main.storyboard;
			sourceTree = "<group>";
		};
		3F3D0B9F1A0CBAD2009A3A7B /* LaunchScreen.xib */ = {
			isa = PBXVariantGroup;
			children = (
				3F3D0BA01A0CBAD2009A3A7B /* Base */,
			);
			name = LaunchScreen.xib;
			sourceTree = "<group>";
		};
/* End PBXVariantGroup section */

/* Begin XCBuildConfiguration section */
		3F3D0BAE1A0CBAD2009A3A7B /* Debug */ = {
			isa = XCBuildConfiguration;
			buildSettings = {
				ALWAYS_SEARCH_USER_PATHS = NO;
				CLANG_CXX_LANGUAGE_STANDARD = "gnu++0x";
				CLANG_CXX_LIBRARY = "libc++";
				CLANG_ENABLE_MODULES = YES;
				CLANG_ENABLE_OBJC_ARC = YES;
				CLANG_WARN_BOOL_CONVERSION = YES;
				CLANG_WARN_CONSTANT_CONVERSION = YES;
				CLANG_WARN_DIRECT_OBJC_ISA_USAGE = YES_ERROR;
				CLANG_WARN_EMPTY_BODY = YES;
				CLANG_WARN_ENUM_CONVERSION = YES;
				CLANG_WARN_INT_CONVERSION = YES;
				CLANG_WARN_OBJC_ROOT_CLASS = YES_ERROR;
				CLANG_WARN_UNREACHABLE_CODE = YES;
				CLANG_WARN__DUPLICATE_METHOD_MATCH = YES;
				"CODE_SIGN_IDENTITY[sdk=iphoneos*]" = "iPhone Developer";
				COPY_PHASE_STRIP = NO;
				ENABLE_STRICT_OBJC_MSGSEND = YES;
				GCC_C_LANGUAGE_STANDARD = gnu99;
				GCC_DYNAMIC_NO_PIC = NO;
				GCC_OPTIMIZATION_LEVEL = 0;
				GCC_PREPROCESSOR_DEFINITIONS = (
					"DEBUG=1",
					"$(inherited)",
				);
				GCC_SYMBOLS_PRIVATE_EXTERN = NO;
				GCC_WARN_64_TO_32_BIT_CONVERSION = YES;
				GCC_WARN_ABOUT_RETURN_TYPE = YES_ERROR;
				GCC_WARN_UNDECLARED_SELECTOR = YES;
				GCC_WARN_UNINITIALIZED_AUTOS = YES_AGGRESSIVE;
				GCC_WARN_UNUSED_FUNCTION = YES;
				GCC_WARN_UNUSED_VARIABLE = YES;
				IPHONEOS_DEPLOYMENT_TARGET = 8.0;
				MTL_ENABLE_DEBUG_INFO = YES;
				ONLY_ACTIVE_ARCH = YES;
				SDKROOT = iphoneos;
				SWIFT_OPTIMIZATION_LEVEL = "-Onone";
			};
			name = Debug;
		};
		3F3D0BAF1A0CBAD2009A3A7B /* Release */ = {
			isa = XCBuildConfiguration;
			buildSettings = {
				ALWAYS_SEARCH_USER_PATHS = NO;
				CLANG_CXX_LANGUAGE_STANDARD = "gnu++0x";
				CLANG_CXX_LIBRARY = "libc++";
				CLANG_ENABLE_MODULES = YES;
				CLANG_ENABLE_OBJC_ARC = YES;
				CLANG_WARN_BOOL_CONVERSION = YES;
				CLANG_WARN_CONSTANT_CONVERSION = YES;
				CLANG_WARN_DIRECT_OBJC_ISA_USAGE = YES_ERROR;
				CLANG_WARN_EMPTY_BODY = YES;
				CLANG_WARN_ENUM_CONVERSION = YES;
				CLANG_WARN_INT_CONVERSION = YES;
				CLANG_WARN_OBJC_ROOT_CLASS = YES_ERROR;
				CLANG_WARN_UNREACHABLE_CODE = YES;
				CLANG_WARN__DUPLICATE_METHOD_MATCH = YES;
				"CODE_SIGN_IDENTITY[sdk=iphoneos*]" = "iPhone Developer";
				COPY_PHASE_STRIP = YES;
				ENABLE_NS_ASSERTIONS = NO;
				ENABLE_STRICT_OBJC_MSGSEND = YES;
				GCC_C_LANGUAGE_STANDARD = gnu99;
				GCC_WARN_64_TO_32_BIT_CONVERSION = YES;
				GCC_WARN_ABOUT_RETURN_TYPE = YES_ERROR;
				GCC_WARN_UNDECLARED_SELECTOR = YES;
				GCC_WARN_UNINITIALIZED_AUTOS = YES_AGGRESSIVE;
				GCC_WARN_UNUSED_FUNCTION = YES;
				GCC_WARN_UNUSED_VARIABLE = YES;
				IPHONEOS_DEPLOYMENT_TARGET = 8.0;
				MTL_ENABLE_DEBUG_INFO = NO;
				SDKROOT = iphoneos;
				VALIDATE_PRODUCT = YES;
			};
			name = Release;
		};
		3F3D0BB11A0CBAD2009A3A7B /* Debug */ = {
			isa = XCBuildConfiguration;
			buildSettings = {
				ASSETCATALOG_COMPILER_APPICON_NAME = AppIcon;
				INFOPLIST_FILE = Animation2/Info.plist;
				LD_RUNPATH_SEARCH_PATHS = "$(inherited) @executable_path/Frameworks";
				PRODUCT_NAME = "$(TARGET_NAME)";
			};
			name = Debug;
		};
		3F3D0BB21A0CBAD2009A3A7B /* Release */ = {
			isa = XCBuildConfiguration;
			buildSettings = {
				ASSETCATALOG_COMPILER_APPICON_NAME = AppIcon;
				INFOPLIST_FILE = Animation2/Info.plist;
				LD_RUNPATH_SEARCH_PATHS = "$(inherited) @executable_path/Frameworks";
				PRODUCT_NAME = "$(TARGET_NAME)";
			};
			name = Release;
		};
		3F3D0BB41A0CBAD2009A3A7B /* Debug */ = {
			isa = XCBuildConfiguration;
			buildSettings = {
				BUNDLE_LOADER = "$(TEST_HOST)";
				FRAMEWORK_SEARCH_PATHS = (
					"$(SDKROOT)/Developer/Library/Frameworks",
					"$(inherited)",
				);
				GCC_PREPROCESSOR_DEFINITIONS = (
					"DEBUG=1",
					"$(inherited)",
				);
				INFOPLIST_FILE = Animation2Tests/Info.plist;
				LD_RUNPATH_SEARCH_PATHS = "$(inherited) @executable_path/Frameworks @loader_path/Frameworks";
				PRODUCT_NAME = "$(TARGET_NAME)";
				TEST_HOST = "$(BUILT_PRODUCTS_DIR)/Animation2.app/Animation2";
			};
			name = Debug;
		};
		3F3D0BB51A0CBAD2009A3A7B /* Release */ = {
			isa = XCBuildConfiguration;
			buildSettings = {
				BUNDLE_LOADER = "$(TEST_HOST)";
				FRAMEWORK_SEARCH_PATHS = (
					"$(SDKROOT)/Developer/Library/Frameworks",
					"$(inherited)",
				);
				INFOPLIST_FILE = Animation2Tests/Info.plist;
				LD_RUNPATH_SEARCH_PATHS = "$(inherited) @executable_path/Frameworks @loader_path/Frameworks";
				PRODUCT_NAME = "$(TARGET_NAME)";
				TEST_HOST = "$(BUILT_PRODUCTS_DIR)/Animation2.app/Animation2";
			};
			name = Release;
		};
/* End XCBuildConfiguration section */

/* Begin XCConfigurationList section */
		3F3D0B891A0CBAD2009A3A7B /* Build configuration list for PBXProject "Animation2" */ = {
			isa = XCConfigurationList;
			buildConfigurations = (
				3F3D0BAE1A0CBAD2009A3A7B /* Debug */,
				3F3D0BAF1A0CBAD2009A3A7B /* Release */,
			);
			defaultConfigurationIsVisible = 0;
			defaultConfigurationName = Release;
		};
		3F3D0BB01A0CBAD2009A3A7B /* Build configuration list for PBXNativeTarget "Animation2" */ = {
			isa = XCConfigurationList;
			buildConfigurations = (
				3F3D0BB11A0CBAD2009A3A7B /* Debug */,
				3F3D0BB21A0CBAD2009A3A7B /* Release */,
			);
			defaultConfigurationIsVisible = 0;
		};
		3F3D0BB31A0CBAD2009A3A7B /* Build configuration list for PBXNativeTarget "Animation2Tests" */ = {
			isa = XCConfigurationList;
			buildConfigurations = (
				3F3D0BB41A0CBAD2009A3A7B /* Debug */,
				3F3D0BB51A0CBAD2009A3A7B /* Release */,
			);
			defaultConfigurationIsVisible = 0;
		};
/* End XCConfigurationList section */

/* Begin XCVersionGroup section */
		3F3D0B951A0CBAD2009A3A7B /* Animation2.xcdatamodeld */ = {
			isa = XCVersionGroup;
			children = (
				3F3D0B961A0CBAD2009A3A7B /* Animation2.xcdatamodel */,
			);
			currentVersion = 3F3D0B961A0CBAD2009A3A7B /* Animation2.xcdatamodel */;
			path = Animation2.xcdatamodeld;
			sourceTree = "<group>";
			versionGroupType = wrapper.xcdatamodel;
		};
/* End XCVersionGroup section */
	};
	rootObject = 3F3D0B861A0CBAD2009A3A7B /* Project object */;
}
