// !$*UTF8*$!
{
	archiveVersion = 1;
	classes = {
	};
	objectVersion = 46;
	objects = {

/* Begin PBXBuildFile section */
		3F5EFE061A03682E00AAA6DE /* AppDelegate.swift in Sources */ = {isa = PBXBuildFile; fileRef = 3F5EFE051A03682E00AAA6DE /* AppDelegate.swift */; };
		3F5EFE091A03682E00AAA6DE /* coreDataExample.xcdatamodeld in Sources */ = {isa = PBXBuildFile; fileRef = 3F5EFE071A03682E00AAA6DE /* coreDataExample.xcdatamodeld */; };
		3F5EFE0B1A03682E00AAA6DE /* ViewController.swift in Sources */ = {isa = PBXBuildFile; fileRef = 3F5EFE0A1A03682E00AAA6DE /* ViewController.swift */; };
		3F5EFE0E1A03682E00AAA6DE /* Main.storyboard in Resources */ = {isa = PBXBuildFile; fileRef = 3F5EFE0C1A03682E00AAA6DE /* Main.storyboard */; };
		3F5EFE101A03682E00AAA6DE /* Images.xcassets in Resources */ = {isa = PBXBuildFile; fileRef = 3F5EFE0F1A03682E00AAA6DE /* Images.xcassets */; };
		3F5EFE131A03682E00AAA6DE /* LaunchScreen.xib in Resources */ = {isa = PBXBuildFile; fileRef = 3F5EFE111A03682E00AAA6DE /* LaunchScreen.xib */; };
		3F5EFE1F1A03682E00AAA6DE /* coreDataExampleTests.swift in Sources */ = {isa = PBXBuildFile; fileRef = 3F5EFE1E1A03682E00AAA6DE /* coreDataExampleTests.swift */; };
/* End PBXBuildFile section */

/* Begin PBXContainerItemProxy section */
		3F5EFE191A03682E00AAA6DE /* PBXContainerItemProxy */ = {
			isa = PBXContainerItemProxy;
			containerPortal = 3F5EFDF81A03682E00AAA6DE /* Project object */;
			proxyType = 1;
			remoteGlobalIDString = 3F5EFDFF1A03682E00AAA6DE;
			remoteInfo = coreDataExample;
		};
/* End PBXContainerItemProxy section */

/* Begin PBXFileReference section */
		3F5EFE001A03682E00AAA6DE /* coreDataExample.app */ = {isa = PBXFileReference; explicitFileType = wrapper.application; includeInIndex = 0; path = coreDataExample.app; sourceTree = BUILT_PRODUCTS_DIR; };
		3F5EFE041A03682E00AAA6DE /* Info.plist */ = {isa = PBXFileReference; lastKnownFileType = text.plist.xml; path = Info.plist; sourceTree = "<group>"; };
		3F5EFE051A03682E00AAA6DE /* AppDelegate.swift */ = {isa = PBXFileReference; lastKnownFileType = sourcecode.swift; path = AppDelegate.swift; sourceTree = "<group>"; };
		3F5EFE081A03682E00AAA6DE /* coreDataExample.xcdatamodel */ = {isa = PBXFileReference; lastKnownFileType = wrapper.xcdatamodel; path = coreDataExample.xcdatamodel; sourceTree = "<group>"; };
		3F5EFE0A1A03682E00AAA6DE /* ViewController.swift */ = {isa = PBXFileReference; lastKnownFileType = sourcecode.swift; path = ViewController.swift; sourceTree = "<group>"; };
		3F5EFE0D1A03682E00AAA6DE /* Base */ = {isa = PBXFileReference; lastKnownFileType = file.storyboard; name = Base; path = Base.lproj/Main.storyboard; sourceTree = "<group>"; };
		3F5EFE0F1A03682E00AAA6DE /* Images.xcassets */ = {isa = PBXFileReference; lastKnownFileType = folder.assetcatalog; path = Images.xcassets; sourceTree = "<group>"; };
		3F5EFE121A03682E00AAA6DE /* Base */ = {isa = PBXFileReference; lastKnownFileType = file.xib; name = Base; path = Base.lproj/LaunchScreen.xib; sourceTree = "<group>"; };
		3F5EFE181A03682E00AAA6DE /* coreDataExampleTests.xctest */ = {isa = PBXFileReference; explicitFileType = wrapper.cfbundle; includeInIndex = 0; path = coreDataExampleTests.xctest; sourceTree = BUILT_PRODUCTS_DIR; };
		3F5EFE1D1A03682E00AAA6DE /* Info.plist */ = {isa = PBXFileReference; lastKnownFileType = text.plist.xml; path = Info.plist; sourceTree = "<group>"; };
		3F5EFE1E1A03682E00AAA6DE /* coreDataExampleTests.swift */ = {isa = PBXFileReference; lastKnownFileType = sourcecode.swift; path = coreDataExampleTests.swift; sourceTree = "<group>"; };
/* End PBXFileReference section */

/* Begin PBXFrameworksBuildPhase section */
		3F5EFDFD1A03682E00AAA6DE /* Frameworks */ = {
			isa = PBXFrameworksBuildPhase;
			buildActionMask = 2147483647;
			files = (
			);
			runOnlyForDeploymentPostprocessing = 0;
		};
		3F5EFE151A03682E00AAA6DE /* Frameworks */ = {
			isa = PBXFrameworksBuildPhase;
			buildActionMask = 2147483647;
			files = (
			);
			runOnlyForDeploymentPostprocessing = 0;
		};
/* End PBXFrameworksBuildPhase section */

/* Begin PBXGroup section */
		3F5EFDF71A03682E00AAA6DE = {
			isa = PBXGroup;
			children = (
				3F5EFE021A03682E00AAA6DE /* coreDataExample */,
				3F5EFE1B1A03682E00AAA6DE /* coreDataExampleTests */,
				3F5EFE011A03682E00AAA6DE /* Products */,
			);
			sourceTree = "<group>";
		};
		3F5EFE011A03682E00AAA6DE /* Products */ = {
			isa = PBXGroup;
			children = (
				3F5EFE001A03682E00AAA6DE /* coreDataExample.app */,
				3F5EFE181A03682E00AAA6DE /* coreDataExampleTests.xctest */,
			);
			name = Products;
			sourceTree = "<group>";
		};
		3F5EFE021A03682E00AAA6DE /* coreDataExample */ = {
			isa = PBXGroup;
			children = (
				3F5EFE051A03682E00AAA6DE /* AppDelegate.swift */,
				3F5EFE0A1A03682E00AAA6DE /* ViewController.swift */,
				3F5EFE0C1A03682E00AAA6DE /* Main.storyboard */,
				3F5EFE0F1A03682E00AAA6DE /* Images.xcassets */,
				3F5EFE111A03682E00AAA6DE /* LaunchScreen.xib */,
				3F5EFE071A03682E00AAA6DE /* coreDataExample.xcdatamodeld */,
				3F5EFE031A03682E00AAA6DE /* Supporting Files */,
			);
			path = coreDataExample;
			sourceTree = "<group>";
		};
		3F5EFE031A03682E00AAA6DE /* Supporting Files */ = {
			isa = PBXGroup;
			children = (
				3F5EFE041A03682E00AAA6DE /* Info.plist */,
			);
			name = "Supporting Files";
			sourceTree = "<group>";
		};
		3F5EFE1B1A03682E00AAA6DE /* coreDataExampleTests */ = {
			isa = PBXGroup;
			children = (
				3F5EFE1E1A03682E00AAA6DE /* coreDataExampleTests.swift */,
				3F5EFE1C1A03682E00AAA6DE /* Supporting Files */,
			);
			path = coreDataExampleTests;
			sourceTree = "<group>";
		};
		3F5EFE1C1A03682E00AAA6DE /* Supporting Files */ = {
			isa = PBXGroup;
			children = (
				3F5EFE1D1A03682E00AAA6DE /* Info.plist */,
			);
			name = "Supporting Files";
			sourceTree = "<group>";
		};
/* End PBXGroup section */

/* Begin PBXNativeTarget section */
		3F5EFDFF1A03682E00AAA6DE /* coreDataExample */ = {
			isa = PBXNativeTarget;
			buildConfigurationList = 3F5EFE221A03682E00AAA6DE /* Build configuration list for PBXNativeTarget "coreDataExample" */;
			buildPhases = (
				3F5EFDFC1A03682E00AAA6DE /* Sources */,
				3F5EFDFD1A03682E00AAA6DE /* Frameworks */,
				3F5EFDFE1A03682E00AAA6DE /* Resources */,
			);
			buildRules = (
			);
			dependencies = (
			);
			name = coreDataExample;
			productName = coreDataExample;
			productReference = 3F5EFE001A03682E00AAA6DE /* coreDataExample.app */;
			productType = "com.apple.product-type.application";
		};
		3F5EFE171A03682E00AAA6DE /* coreDataExampleTests */ = {
			isa = PBXNativeTarget;
			buildConfigurationList = 3F5EFE251A03682E00AAA6DE /* Build configuration list for PBXNativeTarget "coreDataExampleTests" */;
			buildPhases = (
				3F5EFE141A03682E00AAA6DE /* Sources */,
				3F5EFE151A03682E00AAA6DE /* Frameworks */,
				3F5EFE161A03682E00AAA6DE /* Resources */,
			);
			buildRules = (
			);
			dependencies = (
				3F5EFE1A1A03682E00AAA6DE /* PBXTargetDependency */,
			);
			name = coreDataExampleTests;
			productName = coreDataExampleTests;
			productReference = 3F5EFE181A03682E00AAA6DE /* coreDataExampleTests.xctest */;
			productType = "com.apple.product-type.bundle.unit-test";
		};
/* End PBXNativeTarget section */

/* Begin PBXProject section */
		3F5EFDF81A03682E00AAA6DE /* Project object */ = {
			isa = PBXProject;
			attributes = {
				LastUpgradeCheck = 0600;
				ORGANIZATIONNAME = student;
				TargetAttributes = {
					3F5EFDFF1A03682E00AAA6DE = {
						CreatedOnToolsVersion = 6.0;
					};
					3F5EFE171A03682E00AAA6DE = {
						CreatedOnToolsVersion = 6.0;
						TestTargetID = 3F5EFDFF1A03682E00AAA6DE;
					};
				};
			};
			buildConfigurationList = 3F5EFDFB1A03682E00AAA6DE /* Build configuration list for PBXProject "coreDataExample" */;
			compatibilityVersion = "Xcode 3.2";
			developmentRegion = English;
			hasScannedForEncodings = 0;
			knownRegions = (
				en,
				Base,
			);
			mainGroup = 3F5EFDF71A03682E00AAA6DE;
			productRefGroup = 3F5EFE011A03682E00AAA6DE /* Products */;
			projectDirPath = "";
			projectRoot = "";
			targets = (
				3F5EFDFF1A03682E00AAA6DE /* coreDataExample */,
				3F5EFE171A03682E00AAA6DE /* coreDataExampleTests */,
			);
		};
/* End PBXProject section */

/* Begin PBXResourcesBuildPhase section */
		3F5EFDFE1A03682E00AAA6DE /* Resources */ = {
			isa = PBXResourcesBuildPhase;
			buildActionMask = 2147483647;
			files = (
				3F5EFE0E1A03682E00AAA6DE /* Main.storyboard in Resources */,
				3F5EFE131A03682E00AAA6DE /* LaunchScreen.xib in Resources */,
				3F5EFE101A03682E00AAA6DE /* Images.xcassets in Resources */,
			);
			runOnlyForDeploymentPostprocessing = 0;
		};
		3F5EFE161A03682E00AAA6DE /* Resources */ = {
			isa = PBXResourcesBuildPhase;
			buildActionMask = 2147483647;
			files = (
			);
			runOnlyForDeploymentPostprocessing = 0;
		};
/* End PBXResourcesBuildPhase section */

/* Begin PBXSourcesBuildPhase section */
		3F5EFDFC1A03682E00AAA6DE /* Sources */ = {
			isa = PBXSourcesBuildPhase;
			buildActionMask = 2147483647;
			files = (
				3F5EFE0B1A03682E00AAA6DE /* ViewController.swift in Sources */,
				3F5EFE061A03682E00AAA6DE /* AppDelegate.swift in Sources */,
				3F5EFE091A03682E00AAA6DE /* coreDataExample.xcdatamodeld in Sources */,
			);
			runOnlyForDeploymentPostprocessing = 0;
		};
		3F5EFE141A03682E00AAA6DE /* Sources */ = {
			isa = PBXSourcesBuildPhase;
			buildActionMask = 2147483647;
			files = (
				3F5EFE1F1A03682E00AAA6DE /* coreDataExampleTests.swift in Sources */,
			);
			runOnlyForDeploymentPostprocessing = 0;
		};
/* End PBXSourcesBuildPhase section */

/* Begin PBXTargetDependency section */
		3F5EFE1A1A03682E00AAA6DE /* PBXTargetDependency */ = {
			isa = PBXTargetDependency;
			target = 3F5EFDFF1A03682E00AAA6DE /* coreDataExample */;
			targetProxy = 3F5EFE191A03682E00AAA6DE /* PBXContainerItemProxy */;
		};
/* End PBXTargetDependency section */

/* Begin PBXVariantGroup section */
		3F5EFE0C1A03682E00AAA6DE /* Main.storyboard */ = {
			isa = PBXVariantGroup;
			children = (
				3F5EFE0D1A03682E00AAA6DE /* Base */,
			);
			name = Main.storyboard;
			sourceTree = "<group>";
		};
		3F5EFE111A03682E00AAA6DE /* LaunchScreen.xib */ = {
			isa = PBXVariantGroup;
			children = (
				3F5EFE121A03682E00AAA6DE /* Base */,
			);
			name = LaunchScreen.xib;
			sourceTree = "<group>";
		};
/* End PBXVariantGroup section */

/* Begin XCBuildConfiguration section */
		3F5EFE201A03682E00AAA6DE /* Debug */ = {
			isa = XCBuildConfiguration;
			buildSettings = {
				ALWAYS_SEARCH_USER_PATHS = NO;
				CLANG_CXX_LANGUAGE_STANDARD = "gnu++0x";
				CLANG_CXX_LIBRARY = "libc++";
				CLANG_ENABLE_MODULES = YES;
				CLANG_ENABLE_OBJC_ARC = YES;
				CLANG_WARN_BOOL_CONVERSION = YES;
				CLANG_WARN_CONSTANT_CONVERSION = YES;
				CLANG_WARN_DIRECT_OBJC_ISA_USAGE = YES_ERROR;
				CLANG_WARN_EMPTY_BODY = YES;
				CLANG_WARN_ENUM_CONVERSION = YES;
				CLANG_WARN_INT_CONVERSION = YES;
				CLANG_WARN_OBJC_ROOT_CLASS = YES_ERROR;
				CLANG_WARN_UNREACHABLE_CODE = YES;
				CLANG_WARN__DUPLICATE_METHOD_MATCH = YES;
				"CODE_SIGN_IDENTITY[sdk=iphoneos*]" = "iPhone Developer";
				COPY_PHASE_STRIP = NO;
				ENABLE_STRICT_OBJC_MSGSEND = YES;
				GCC_C_LANGUAGE_STANDARD = gnu99;
				GCC_DYNAMIC_NO_PIC = NO;
				GCC_OPTIMIZATION_LEVEL = 0;
				GCC_PREPROCESSOR_DEFINITIONS = (
					"DEBUG=1",
					"$(inherited)",
				);
				GCC_SYMBOLS_PRIVATE_EXTERN = NO;
				GCC_WARN_64_TO_32_BIT_CONVERSION = YES;
				GCC_WARN_ABOUT_RETURN_TYPE = YES_ERROR;
				GCC_WARN_UNDECLARED_SELECTOR = YES;
				GCC_WARN_UNINITIALIZED_AUTOS = YES_AGGRESSIVE;
				GCC_WARN_UNUSED_FUNCTION = YES;
				GCC_WARN_UNUSED_VARIABLE = YES;
				IPHONEOS_DEPLOYMENT_TARGET = 8.0;
				MTL_ENABLE_DEBUG_INFO = YES;
				ONLY_ACTIVE_ARCH = YES;
				SDKROOT = iphoneos;
				SWIFT_OPTIMIZATION_LEVEL = "-Onone";
			};
			name = Debug;
		};
		3F5EFE211A03682E00AAA6DE /* Release */ = {
			isa = XCBuildConfiguration;
			buildSettings = {
				ALWAYS_SEARCH_USER_PATHS = NO;
				CLANG_CXX_LANGUAGE_STANDARD = "gnu++0x";
				CLANG_CXX_LIBRARY = "libc++";
				CLANG_ENABLE_MODULES = YES;
				CLANG_ENABLE_OBJC_ARC = YES;
				CLANG_WARN_BOOL_CONVERSION = YES;
				CLANG_WARN_CONSTANT_CONVERSION = YES;
				CLANG_WARN_DIRECT_OBJC_ISA_USAGE = YES_ERROR;
				CLANG_WARN_EMPTY_BODY = YES;
				CLANG_WARN_ENUM_CONVERSION = YES;
				CLANG_WARN_INT_CONVERSION = YES;
				CLANG_WARN_OBJC_ROOT_CLASS = YES_ERROR;
				CLANG_WARN_UNREACHABLE_CODE = YES;
				CLANG_WARN__DUPLICATE_METHOD_MATCH = YES;
				"CODE_SIGN_IDENTITY[sdk=iphoneos*]" = "iPhone Developer";
				COPY_PHASE_STRIP = YES;
				ENABLE_NS_ASSERTIONS = NO;
				ENABLE_STRICT_OBJC_MSGSEND = YES;
				GCC_C_LANGUAGE_STANDARD = gnu99;
				GCC_WARN_64_TO_32_BIT_CONVERSION = YES;
				GCC_WARN_ABOUT_RETURN_TYPE = YES_ERROR;
				GCC_WARN_UNDECLARED_SELECTOR = YES;
				GCC_WARN_UNINITIALIZED_AUTOS = YES_AGGRESSIVE;
				GCC_WARN_UNUSED_FUNCTION = YES;
				GCC_WARN_UNUSED_VARIABLE = YES;
				IPHONEOS_DEPLOYMENT_TARGET = 8.0;
				MTL_ENABLE_DEBUG_INFO = NO;
				SDKROOT = iphoneos;
				VALIDATE_PRODUCT = YES;
			};
			name = Release;
		};
		3F5EFE231A03682E00AAA6DE /* Debug */ = {
			isa = XCBuildConfiguration;
			buildSettings = {
				ASSETCATALOG_COMPILER_APPICON_NAME = AppIcon;
				INFOPLIST_FILE = coreDataExample/Info.plist;
				LD_RUNPATH_SEARCH_PATHS = "$(inherited) @executable_path/Frameworks";
				PRODUCT_NAME = "$(TARGET_NAME)";
			};
			name = Debug;
		};
		3F5EFE241A03682E00AAA6DE /* Release */ = {
			isa = XCBuildConfiguration;
			buildSettings = {
				ASSETCATALOG_COMPILER_APPICON_NAME = AppIcon;
				INFOPLIST_FILE = coreDataExample/Info.plist;
				LD_RUNPATH_SEARCH_PATHS = "$(inherited) @executable_path/Frameworks";
				PRODUCT_NAME = "$(TARGET_NAME)";
			};
			name = Release;
		};
		3F5EFE261A03682E00AAA6DE /* Debug */ = {
			isa = XCBuildConfiguration;
			buildSettings = {
				BUNDLE_LOADER = "$(TEST_HOST)";
				FRAMEWORK_SEARCH_PATHS = (
					"$(SDKROOT)/Developer/Library/Frameworks",
					"$(inherited)",
				);
				GCC_PREPROCESSOR_DEFINITIONS = (
					"DEBUG=1",
					"$(inherited)",
				);
				INFOPLIST_FILE = coreDataExampleTests/Info.plist;
				LD_RUNPATH_SEARCH_PATHS = "$(inherited) @executable_path/Frameworks @loader_path/Frameworks";
				PRODUCT_NAME = "$(TARGET_NAME)";
				TEST_HOST = "$(BUILT_PRODUCTS_DIR)/coreDataExample.app/coreDataExample";
			};
			name = Debug;
		};
		3F5EFE271A03682E00AAA6DE /* Release */ = {
			isa = XCBuildConfiguration;
			buildSettings = {
				BUNDLE_LOADER = "$(TEST_HOST)";
				FRAMEWORK_SEARCH_PATHS = (
					"$(SDKROOT)/Developer/Library/Frameworks",
					"$(inherited)",
				);
				INFOPLIST_FILE = coreDataExampleTests/Info.plist;
				LD_RUNPATH_SEARCH_PATHS = "$(inherited) @executable_path/Frameworks @loader_path/Frameworks";
				PRODUCT_NAME = "$(TARGET_NAME)";
				TEST_HOST = "$(BUILT_PRODUCTS_DIR)/coreDataExample.app/coreDataExample";
			};
			name = Release;
		};
/* End XCBuildConfiguration section */

/* Begin XCConfigurationList section */
		3F5EFDFB1A03682E00AAA6DE /* Build configuration list for PBXProject "coreDataExample" */ = {
			isa = XCConfigurationList;
			buildConfigurations = (
				3F5EFE201A03682E00AAA6DE /* Debug */,
				3F5EFE211A03682E00AAA6DE /* Release */,
			);
			defaultConfigurationIsVisible = 0;
			defaultConfigurationName = Release;
		};
		3F5EFE221A03682E00AAA6DE /* Build configuration list for PBXNativeTarget "coreDataExample" */ = {
			isa = XCConfigurationList;
			buildConfigurations = (
				3F5EFE231A03682E00AAA6DE /* Debug */,
				3F5EFE241A03682E00AAA6DE /* Release */,
			);
			defaultConfigurationIsVisible = 0;
			defaultConfigurationName = Release;
		};
		3F5EFE251A03682E00AAA6DE /* Build configuration list for PBXNativeTarget "coreDataExampleTests" */ = {
			isa = XCConfigurationList;
			buildConfigurations = (
				3F5EFE261A03682E00AAA6DE /* Debug */,
				3F5EFE271A03682E00AAA6DE /* Release */,
			);
			defaultConfigurationIsVisible = 0;
			defaultConfigurationName = Release;
		};
/* End XCConfigurationList section */

/* Begin XCVersionGroup section */
		3F5EFE071A03682E00AAA6DE /* coreDataExample.xcdatamodeld */ = {
			isa = XCVersionGroup;
			children = (
				3F5EFE081A03682E00AAA6DE /* coreDataExample.xcdatamodel */,
			);
			currentVersion = 3F5EFE081A03682E00AAA6DE /* coreDataExample.xcdatamodel */;
			path = coreDataExample.xcdatamodeld;
			sourceTree = "<group>";
			versionGroupType = wrapper.xcdatamodel;
		};
/* End XCVersionGroup section */
	};
	rootObject = 3F5EFDF81A03682E00AAA6DE /* Project object */;
}
