// !$*UTF8*$!
{
	archiveVersion = 1;
	classes = {
	};
	objectVersion = 46;
	objects = {

/* Begin PBXBuildFile section */
		3F0245DF19DE83D800E8A02F /* AppDelegate.swift in Sources */ = {isa = PBXBuildFile; fileRef = 3F0245DE19DE83D800E8A02F /* AppDelegate.swift */; };
		3F0245E119DE83D800E8A02F /* ViewController.swift in Sources */ = {isa = PBXBuildFile; fileRef = 3F0245E019DE83D800E8A02F /* ViewController.swift */; };
		3F0245E419DE83D800E8A02F /* Main.storyboard in Resources */ = {isa = PBXBuildFile; fileRef = 3F0245E219DE83D800E8A02F /* Main.storyboard */; };
		3F0245E619DE83D800E8A02F /* Images.xcassets in Resources */ = {isa = PBXBuildFile; fileRef = 3F0245E519DE83D800E8A02F /* Images.xcassets */; };
		3F0245E919DE83D800E8A02F /* LaunchScreen.xib in Resources */ = {isa = PBXBuildFile; fileRef = 3F0245E719DE83D800E8A02F /* LaunchScreen.xib */; };
		3F0245F519DE83D800E8A02F /* tableviewTests.swift in Sources */ = {isa = PBXBuildFile; fileRef = 3F0245F419DE83D800E8A02F /* tableviewTests.swift */; };
/* End PBXBuildFile section */

/* Begin PBXContainerItemProxy section */
		3F0245EF19DE83D800E8A02F /* PBXContainerItemProxy */ = {
			isa = PBXContainerItemProxy;
			containerPortal = 3F0245D119DE83D800E8A02F /* Project object */;
			proxyType = 1;
			remoteGlobalIDString = 3F0245D819DE83D800E8A02F;
			remoteInfo = tableview;
		};
/* End PBXContainerItemProxy section */

/* Begin PBXFileReference section */
		3F0245D919DE83D800E8A02F /* tableview.app */ = {isa = PBXFileReference; explicitFileType = wrapper.application; includeInIndex = 0; path = tableview.app; sourceTree = BUILT_PRODUCTS_DIR; };
		3F0245DD19DE83D800E8A02F /* Info.plist */ = {isa = PBXFileReference; lastKnownFileType = text.plist.xml; path = Info.plist; sourceTree = "<group>"; };
		3F0245DE19DE83D800E8A02F /* AppDelegate.swift */ = {isa = PBXFileReference; lastKnownFileType = sourcecode.swift; path = AppDelegate.swift; sourceTree = "<group>"; };
		3F0245E019DE83D800E8A02F /* ViewController.swift */ = {isa = PBXFileReference; lastKnownFileType = sourcecode.swift; path = ViewController.swift; sourceTree = "<group>"; };
		3F0245E319DE83D800E8A02F /* Base */ = {isa = PBXFileReference; lastKnownFileType = file.storyboard; name = Base; path = Base.lproj/Main.storyboard; sourceTree = "<group>"; };
		3F0245E519DE83D800E8A02F /* Images.xcassets */ = {isa = PBXFileReference; lastKnownFileType = folder.assetcatalog; path = Images.xcassets; sourceTree = "<group>"; };
		3F0245E819DE83D800E8A02F /* Base */ = {isa = PBXFileReference; lastKnownFileType = file.xib; name = Base; path = Base.lproj/LaunchScreen.xib; sourceTree = "<group>"; };
		3F0245EE19DE83D800E8A02F /* tableviewTests.xctest */ = {isa = PBXFileReference; explicitFileType = wrapper.cfbundle; includeInIndex = 0; path = tableviewTests.xctest; sourceTree = BUILT_PRODUCTS_DIR; };
		3F0245F319DE83D800E8A02F /* Info.plist */ = {isa = PBXFileReference; lastKnownFileType = text.plist.xml; path = Info.plist; sourceTree = "<group>"; };
		3F0245F419DE83D800E8A02F /* tableviewTests.swift */ = {isa = PBXFileReference; lastKnownFileType = sourcecode.swift; path = tableviewTests.swift; sourceTree = "<group>"; };
/* End PBXFileReference section */

/* Begin PBXFrameworksBuildPhase section */
		3F0245D619DE83D800E8A02F /* Frameworks */ = {
			isa = PBXFrameworksBuildPhase;
			buildActionMask = 2147483647;
			files = (
			);
			runOnlyForDeploymentPostprocessing = 0;
		};
		3F0245EB19DE83D800E8A02F /* Frameworks */ = {
			isa = PBXFrameworksBuildPhase;
			buildActionMask = 2147483647;
			files = (
			);
			runOnlyForDeploymentPostprocessing = 0;
		};
/* End PBXFrameworksBuildPhase section */

/* Begin PBXGroup section */
		3F0245D019DE83D800E8A02F = {
			isa = PBXGroup;
			children = (
				3F0245DB19DE83D800E8A02F /* tableview */,
				3F0245F119DE83D800E8A02F /* tableviewTests */,
				3F0245DA19DE83D800E8A02F /* Products */,
			);
			sourceTree = "<group>";
		};
		3F0245DA19DE83D800E8A02F /* Products */ = {
			isa = PBXGroup;
			children = (
				3F0245D919DE83D800E8A02F /* tableview.app */,
				3F0245EE19DE83D800E8A02F /* tableviewTests.xctest */,
			);
			name = Products;
			sourceTree = "<group>";
		};
		3F0245DB19DE83D800E8A02F /* tableview */ = {
			isa = PBXGroup;
			children = (
				3F0245DE19DE83D800E8A02F /* AppDelegate.swift */,
				3F0245E019DE83D800E8A02F /* ViewController.swift */,
				3F0245E219DE83D800E8A02F /* Main.storyboard */,
				3F0245E519DE83D800E8A02F /* Images.xcassets */,
				3F0245E719DE83D800E8A02F /* LaunchScreen.xib */,
				3F0245DC19DE83D800E8A02F /* Supporting Files */,
			);
			path = tableview;
			sourceTree = "<group>";
		};
		3F0245DC19DE83D800E8A02F /* Supporting Files */ = {
			isa = PBXGroup;
			children = (
				3F0245DD19DE83D800E8A02F /* Info.plist */,
			);
			name = "Supporting Files";
			sourceTree = "<group>";
		};
		3F0245F119DE83D800E8A02F /* tableviewTests */ = {
			isa = PBXGroup;
			children = (
				3F0245F419DE83D800E8A02F /* tableviewTests.swift */,
				3F0245F219DE83D800E8A02F /* Supporting Files */,
			);
			path = tableviewTests;
			sourceTree = "<group>";
		};
		3F0245F219DE83D800E8A02F /* Supporting Files */ = {
			isa = PBXGroup;
			children = (
				3F0245F319DE83D800E8A02F /* Info.plist */,
			);
			name = "Supporting Files";
			sourceTree = "<group>";
		};
/* End PBXGroup section */

/* Begin PBXNativeTarget section */
		3F0245D819DE83D800E8A02F /* tableview */ = {
			isa = PBXNativeTarget;
			buildConfigurationList = 3F0245F819DE83D800E8A02F /* Build configuration list for PBXNativeTarget "tableview" */;
			buildPhases = (
				3F0245D519DE83D800E8A02F /* Sources */,
				3F0245D619DE83D800E8A02F /* Frameworks */,
				3F0245D719DE83D800E8A02F /* Resources */,
			);
			buildRules = (
			);
			dependencies = (
			);
			name = tableview;
			productName = tableview;
			productReference = 3F0245D919DE83D800E8A02F /* tableview.app */;
			productType = "com.apple.product-type.application";
		};
		3F0245ED19DE83D800E8A02F /* tableviewTests */ = {
			isa = PBXNativeTarget;
			buildConfigurationList = 3F0245FB19DE83D800E8A02F /* Build configuration list for PBXNativeTarget "tableviewTests" */;
			buildPhases = (
				3F0245EA19DE83D800E8A02F /* Sources */,
				3F0245EB19DE83D800E8A02F /* Frameworks */,
				3F0245EC19DE83D800E8A02F /* Resources */,
			);
			buildRules = (
			);
			dependencies = (
				3F0245F019DE83D800E8A02F /* PBXTargetDependency */,
			);
			name = tableviewTests;
			productName = tableviewTests;
			productReference = 3F0245EE19DE83D800E8A02F /* tableviewTests.xctest */;
			productType = "com.apple.product-type.bundle.unit-test";
		};
/* End PBXNativeTarget section */

/* Begin PBXProject section */
		3F0245D119DE83D800E8A02F /* Project object */ = {
			isa = PBXProject;
			attributes = {
				LastUpgradeCheck = 0600;
				ORGANIZATIONNAME = Student;
				TargetAttributes = {
					3F0245D819DE83D800E8A02F = {
						CreatedOnToolsVersion = 6.0;
					};
					3F0245ED19DE83D800E8A02F = {
						CreatedOnToolsVersion = 6.0;
						TestTargetID = 3F0245D819DE83D800E8A02F;
					};
				};
			};
			buildConfigurationList = 3F0245D419DE83D800E8A02F /* Build configuration list for PBXProject "tableview" */;
			compatibilityVersion = "Xcode 3.2";
			developmentRegion = English;
			hasScannedForEncodings = 0;
			knownRegions = (
				en,
				Base,
			);
			mainGroup = 3F0245D019DE83D800E8A02F;
			productRefGroup = 3F0245DA19DE83D800E8A02F /* Products */;
			projectDirPath = "";
			projectRoot = "";
			targets = (
				3F0245D819DE83D800E8A02F /* tableview */,
				3F0245ED19DE83D800E8A02F /* tableviewTests */,
			);
		};
/* End PBXProject section */

/* Begin PBXResourcesBuildPhase section */
		3F0245D719DE83D800E8A02F /* Resources */ = {
			isa = PBXResourcesBuildPhase;
			buildActionMask = 2147483647;
			files = (
				3F0245E419DE83D800E8A02F /* Main.storyboard in Resources */,
				3F0245E919DE83D800E8A02F /* LaunchScreen.xib in Resources */,
				3F0245E619DE83D800E8A02F /* Images.xcassets in Resources */,
			);
			runOnlyForDeploymentPostprocessing = 0;
		};
		3F0245EC19DE83D800E8A02F /* Resources */ = {
			isa = PBXResourcesBuildPhase;
			buildActionMask = 2147483647;
			files = (
			);
			runOnlyForDeploymentPostprocessing = 0;
		};
/* End PBXResourcesBuildPhase section */

/* Begin PBXSourcesBuildPhase section */
		3F0245D519DE83D800E8A02F /* Sources */ = {
			isa = PBXSourcesBuildPhase;
			buildActionMask = 2147483647;
			files = (
				3F0245E119DE83D800E8A02F /* ViewController.swift in Sources */,
				3F0245DF19DE83D800E8A02F /* AppDelegate.swift in Sources */,
			);
			runOnlyForDeploymentPostprocessing = 0;
		};
		3F0245EA19DE83D800E8A02F /* Sources */ = {
			isa = PBXSourcesBuildPhase;
			buildActionMask = 2147483647;
			files = (
				3F0245F519DE83D800E8A02F /* tableviewTests.swift in Sources */,
			);
			runOnlyForDeploymentPostprocessing = 0;
		};
/* End PBXSourcesBuildPhase section */

/* Begin PBXTargetDependency section */
		3F0245F019DE83D800E8A02F /* PBXTargetDependency */ = {
			isa = PBXTargetDependency;
			target = 3F0245D819DE83D800E8A02F /* tableview */;
			targetProxy = 3F0245EF19DE83D800E8A02F /* PBXContainerItemProxy */;
		};
/* End PBXTargetDependency section */

/* Begin PBXVariantGroup section */
		3F0245E219DE83D800E8A02F /* Main.storyboard */ = {
			isa = PBXVariantGroup;
			children = (
				3F0245E319DE83D800E8A02F /* Base */,
			);
			name = Main.storyboard;
			sourceTree = "<group>";
		};
		3F0245E719DE83D800E8A02F /* LaunchScreen.xib */ = {
			isa = PBXVariantGroup;
			children = (
				3F0245E819DE83D800E8A02F /* Base */,
			);
			name = LaunchScreen.xib;
			sourceTree = "<group>";
		};
/* End PBXVariantGroup section */

/* Begin XCBuildConfiguration section */
		3F0245F619DE83D800E8A02F /* Debug */ = {
			isa = XCBuildConfiguration;
			buildSettings = {
				ALWAYS_SEARCH_USER_PATHS = NO;
				CLANG_CXX_LANGUAGE_STANDARD = "gnu++0x";
				CLANG_CXX_LIBRARY = "libc++";
				CLANG_ENABLE_MODULES = YES;
				CLANG_ENABLE_OBJC_ARC = YES;
				CLANG_WARN_BOOL_CONVERSION = YES;
				CLANG_WARN_CONSTANT_CONVERSION = YES;
				CLANG_WARN_DIRECT_OBJC_ISA_USAGE = YES_ERROR;
				CLANG_WARN_EMPTY_BODY = YES;
				CLANG_WARN_ENUM_CONVERSION = YES;
				CLANG_WARN_INT_CONVERSION = YES;
				CLANG_WARN_OBJC_ROOT_CLASS = YES_ERROR;
				CLANG_WARN_UNREACHABLE_CODE = YES;
				CLANG_WARN__DUPLICATE_METHOD_MATCH = YES;
				"CODE_SIGN_IDENTITY[sdk=iphoneos*]" = "iPhone Developer";
				COPY_PHASE_STRIP = NO;
				ENABLE_STRICT_OBJC_MSGSEND = YES;
				GCC_C_LANGUAGE_STANDARD = gnu99;
				GCC_DYNAMIC_NO_PIC = NO;
				GCC_OPTIMIZATION_LEVEL = 0;
				GCC_PREPROCESSOR_DEFINITIONS = (
					"DEBUG=1",
					"$(inherited)",
				);
				GCC_SYMBOLS_PRIVATE_EXTERN = NO;
				GCC_WARN_64_TO_32_BIT_CONVERSION = YES;
				GCC_WARN_ABOUT_RETURN_TYPE = YES_ERROR;
				GCC_WARN_UNDECLARED_SELECTOR = YES;
				GCC_WARN_UNINITIALIZED_AUTOS = YES_AGGRESSIVE;
				GCC_WARN_UNUSED_FUNCTION = YES;
				GCC_WARN_UNUSED_VARIABLE = YES;
				IPHONEOS_DEPLOYMENT_TARGET = 8.0;
				MTL_ENABLE_DEBUG_INFO = YES;
				ONLY_ACTIVE_ARCH = YES;
				SDKROOT = iphoneos;
				SWIFT_OPTIMIZATION_LEVEL = "-Onone";
			};
			name = Debug;
		};
		3F0245F719DE83D800E8A02F /* Release */ = {
			isa = XCBuildConfiguration;
			buildSettings = {
				ALWAYS_SEARCH_USER_PATHS = NO;
				CLANG_CXX_LANGUAGE_STANDARD = "gnu++0x";
				CLANG_CXX_LIBRARY = "libc++";
				CLANG_ENABLE_MODULES = YES;
				CLANG_ENABLE_OBJC_ARC = YES;
				CLANG_WARN_BOOL_CONVERSION = YES;
				CLANG_WARN_CONSTANT_CONVERSION = YES;
				CLANG_WARN_DIRECT_OBJC_ISA_USAGE = YES_ERROR;
				CLANG_WARN_EMPTY_BODY = YES;
				CLANG_WARN_ENUM_CONVERSION = YES;
				CLANG_WARN_INT_CONVERSION = YES;
				CLANG_WARN_OBJC_ROOT_CLASS = YES_ERROR;
				CLANG_WARN_UNREACHABLE_CODE = YES;
				CLANG_WARN__DUPLICATE_METHOD_MATCH = YES;
				"CODE_SIGN_IDENTITY[sdk=iphoneos*]" = "iPhone Developer";
				COPY_PHASE_STRIP = YES;
				ENABLE_NS_ASSERTIONS = NO;
				ENABLE_STRICT_OBJC_MSGSEND = YES;
				GCC_C_LANGUAGE_STANDARD = gnu99;
				GCC_WARN_64_TO_32_BIT_CONVERSION = YES;
				GCC_WARN_ABOUT_RETURN_TYPE = YES_ERROR;
				GCC_WARN_UNDECLARED_SELECTOR = YES;
				GCC_WARN_UNINITIALIZED_AUTOS = YES_AGGRESSIVE;
				GCC_WARN_UNUSED_FUNCTION = YES;
				GCC_WARN_UNUSED_VARIABLE = YES;
				IPHONEOS_DEPLOYMENT_TARGET = 8.0;
				MTL_ENABLE_DEBUG_INFO = NO;
				SDKROOT = iphoneos;
				VALIDATE_PRODUCT = YES;
			};
			name = Release;
		};
		3F0245F919DE83D800E8A02F /* Debug */ = {
			isa = XCBuildConfiguration;
			buildSettings = {
				ASSETCATALOG_COMPILER_APPICON_NAME = AppIcon;
				INFOPLIST_FILE = tableview/Info.plist;
				LD_RUNPATH_SEARCH_PATHS = "$(inherited) @executable_path/Frameworks";
				PRODUCT_NAME = "$(TARGET_NAME)";
			};
			name = Debug;
		};
		3F0245FA19DE83D800E8A02F /* Release */ = {
			isa = XCBuildConfiguration;
			buildSettings = {
				ASSETCATALOG_COMPILER_APPICON_NAME = AppIcon;
				INFOPLIST_FILE = tableview/Info.plist;
				LD_RUNPATH_SEARCH_PATHS = "$(inherited) @executable_path/Frameworks";
				PRODUCT_NAME = "$(TARGET_NAME)";
			};
			name = Release;
		};
		3F0245FC19DE83D800E8A02F /* Debug */ = {
			isa = XCBuildConfiguration;
			buildSettings = {
				BUNDLE_LOADER = "$(TEST_HOST)";
				FRAMEWORK_SEARCH_PATHS = (
					"$(SDKROOT)/Developer/Library/Frameworks",
					"$(inherited)",
				);
				GCC_PREPROCESSOR_DEFINITIONS = (
					"DEBUG=1",
					"$(inherited)",
				);
				INFOPLIST_FILE = tableviewTests/Info.plist;
				LD_RUNPATH_SEARCH_PATHS = "$(inherited) @executable_path/Frameworks @loader_path/Frameworks";
				PRODUCT_NAME = "$(TARGET_NAME)";
				TEST_HOST = "$(BUILT_PRODUCTS_DIR)/tableview.app/tableview";
			};
			name = Debug;
		};
		3F0245FD19DE83D800E8A02F /* Release */ = {
			isa = XCBuildConfiguration;
			buildSettings = {
				BUNDLE_LOADER = "$(TEST_HOST)";
				FRAMEWORK_SEARCH_PATHS = (
					"$(SDKROOT)/Developer/Library/Frameworks",
					"$(inherited)",
				);
				INFOPLIST_FILE = tableviewTests/Info.plist;
				LD_RUNPATH_SEARCH_PATHS = "$(inherited) @executable_path/Frameworks @loader_path/Frameworks";
				PRODUCT_NAME = "$(TARGET_NAME)";
				TEST_HOST = "$(BUILT_PRODUCTS_DIR)/tableview.app/tableview";
			};
			name = Release;
		};
/* End XCBuildConfiguration section */

/* Begin XCConfigurationList section */
		3F0245D419DE83D800E8A02F /* Build configuration list for PBXProject "tableview" */ = {
			isa = XCConfigurationList;
			buildConfigurations = (
				3F0245F619DE83D800E8A02F /* Debug */,
				3F0245F719DE83D800E8A02F /* Release */,
			);
			defaultConfigurationIsVisible = 0;
			defaultConfigurationName = Release;
		};
		3F0245F819DE83D800E8A02F /* Build configuration list for PBXNativeTarget "tableview" */ = {
			isa = XCConfigurationList;
			buildConfigurations = (
				3F0245F919DE83D800E8A02F /* Debug */,
				3F0245FA19DE83D800E8A02F /* Release */,
			);
			defaultConfigurationIsVisible = 0;
		};
		3F0245FB19DE83D800E8A02F /* Build configuration list for PBXNativeTarget "tableviewTests" */ = {
			isa = XCConfigurationList;
			buildConfigurations = (
				3F0245FC19DE83D800E8A02F /* Debug */,
				3F0245FD19DE83D800E8A02F /* Release */,
			);
			defaultConfigurationIsVisible = 0;
		};
/* End XCConfigurationList section */
	};
	rootObject = 3F0245D119DE83D800E8A02F /* Project object */;
}
