// !$*UTF8*$!
{
	archiveVersion = 1;
	classes = {
	};
	objectVersion = 46;
	objects = {

/* Begin PBXBuildFile section */
		3FFEED7D19D53F3C00B7BD7F /* AppDelegate.swift in Sources */ = {isa = PBXBuildFile; fileRef = 3FFEED7C19D53F3C00B7BD7F /* AppDelegate.swift */; };
		3FFEED7F19D53F3C00B7BD7F /* ViewController.swift in Sources */ = {isa = PBXBuildFile; fileRef = 3FFEED7E19D53F3C00B7BD7F /* ViewController.swift */; };
		3FFEED8219D53F3C00B7BD7F /* Main.storyboard in Resources */ = {isa = PBXBuildFile; fileRef = 3FFEED8019D53F3C00B7BD7F /* Main.storyboard */; };
		3FFEED8419D53F3C00B7BD7F /* Images.xcassets in Resources */ = {isa = PBXBuildFile; fileRef = 3FFEED8319D53F3C00B7BD7F /* Images.xcassets */; };
		3FFEED8719D53F3C00B7BD7F /* LaunchScreen.xib in Resources */ = {isa = PBXBuildFile; fileRef = 3FFEED8519D53F3C00B7BD7F /* LaunchScreen.xib */; };
		3FFEED9319D53F3C00B7BD7F /* LabTests.swift in Sources */ = {isa = PBXBuildFile; fileRef = 3FFEED9219D53F3C00B7BD7F /* LabTests.swift */; };
/* End PBXBuildFile section */

/* Begin PBXContainerItemProxy section */
		3FFEED8D19D53F3C00B7BD7F /* PBXContainerItemProxy */ = {
			isa = PBXContainerItemProxy;
			containerPortal = 3FFEED6F19D53F3C00B7BD7F /* Project object */;
			proxyType = 1;
			remoteGlobalIDString = 3FFEED7619D53F3C00B7BD7F;
			remoteInfo = Lab;
		};
/* End PBXContainerItemProxy section */

/* Begin PBXFileReference section */
		3FFEED7719D53F3C00B7BD7F /* Lab.app */ = {isa = PBXFileReference; explicitFileType = wrapper.application; includeInIndex = 0; path = Lab.app; sourceTree = BUILT_PRODUCTS_DIR; };
		3FFEED7B19D53F3C00B7BD7F /* Info.plist */ = {isa = PBXFileReference; lastKnownFileType = text.plist.xml; path = Info.plist; sourceTree = "<group>"; };
		3FFEED7C19D53F3C00B7BD7F /* AppDelegate.swift */ = {isa = PBXFileReference; lastKnownFileType = sourcecode.swift; path = AppDelegate.swift; sourceTree = "<group>"; };
		3FFEED7E19D53F3C00B7BD7F /* ViewController.swift */ = {isa = PBXFileReference; lastKnownFileType = sourcecode.swift; path = ViewController.swift; sourceTree = "<group>"; };
		3FFEED8119D53F3C00B7BD7F /* Base */ = {isa = PBXFileReference; lastKnownFileType = file.storyboard; name = Base; path = Base.lproj/Main.storyboard; sourceTree = "<group>"; };
		3FFEED8319D53F3C00B7BD7F /* Images.xcassets */ = {isa = PBXFileReference; lastKnownFileType = folder.assetcatalog; path = Images.xcassets; sourceTree = "<group>"; };
		3FFEED8619D53F3C00B7BD7F /* Base */ = {isa = PBXFileReference; lastKnownFileType = file.xib; name = Base; path = Base.lproj/LaunchScreen.xib; sourceTree = "<group>"; };
		3FFEED8C19D53F3C00B7BD7F /* LabTests.xctest */ = {isa = PBXFileReference; explicitFileType = wrapper.cfbundle; includeInIndex = 0; path = LabTests.xctest; sourceTree = BUILT_PRODUCTS_DIR; };
		3FFEED9119D53F3C00B7BD7F /* Info.plist */ = {isa = PBXFileReference; lastKnownFileType = text.plist.xml; path = Info.plist; sourceTree = "<group>"; };
		3FFEED9219D53F3C00B7BD7F /* LabTests.swift */ = {isa = PBXFileReference; lastKnownFileType = sourcecode.swift; path = LabTests.swift; sourceTree = "<group>"; };
/* End PBXFileReference section */

/* Begin PBXFrameworksBuildPhase section */
		3FFEED7419D53F3C00B7BD7F /* Frameworks */ = {
			isa = PBXFrameworksBuildPhase;
			buildActionMask = 2147483647;
			files = (
			);
			runOnlyForDeploymentPostprocessing = 0;
		};
		3FFEED8919D53F3C00B7BD7F /* Frameworks */ = {
			isa = PBXFrameworksBuildPhase;
			buildActionMask = 2147483647;
			files = (
			);
			runOnlyForDeploymentPostprocessing = 0;
		};
/* End PBXFrameworksBuildPhase section */

/* Begin PBXGroup section */
		3FFEED6E19D53F3C00B7BD7F = {
			isa = PBXGroup;
			children = (
				3FFEED7919D53F3C00B7BD7F /* Lab */,
				3FFEED8F19D53F3C00B7BD7F /* LabTests */,
				3FFEED7819D53F3C00B7BD7F /* Products */,
			);
			sourceTree = "<group>";
		};
		3FFEED7819D53F3C00B7BD7F /* Products */ = {
			isa = PBXGroup;
			children = (
				3FFEED7719D53F3C00B7BD7F /* Lab.app */,
				3FFEED8C19D53F3C00B7BD7F /* LabTests.xctest */,
			);
			name = Products;
			sourceTree = "<group>";
		};
		3FFEED7919D53F3C00B7BD7F /* Lab */ = {
			isa = PBXGroup;
			children = (
				3FFEED7C19D53F3C00B7BD7F /* AppDelegate.swift */,
				3FFEED7E19D53F3C00B7BD7F /* ViewController.swift */,
				3FFEED8019D53F3C00B7BD7F /* Main.storyboard */,
				3FFEED8319D53F3C00B7BD7F /* Images.xcassets */,
				3FFEED8519D53F3C00B7BD7F /* LaunchScreen.xib */,
				3FFEED7A19D53F3C00B7BD7F /* Supporting Files */,
			);
			path = Lab;
			sourceTree = "<group>";
		};
		3FFEED7A19D53F3C00B7BD7F /* Supporting Files */ = {
			isa = PBXGroup;
			children = (
				3FFEED7B19D53F3C00B7BD7F /* Info.plist */,
			);
			name = "Supporting Files";
			sourceTree = "<group>";
		};
		3FFEED8F19D53F3C00B7BD7F /* LabTests */ = {
			isa = PBXGroup;
			children = (
				3FFEED9219D53F3C00B7BD7F /* LabTests.swift */,
				3FFEED9019D53F3C00B7BD7F /* Supporting Files */,
			);
			path = LabTests;
			sourceTree = "<group>";
		};
		3FFEED9019D53F3C00B7BD7F /* Supporting Files */ = {
			isa = PBXGroup;
			children = (
				3FFEED9119D53F3C00B7BD7F /* Info.plist */,
			);
			name = "Supporting Files";
			sourceTree = "<group>";
		};
/* End PBXGroup section */

/* Begin PBXNativeTarget section */
		3FFEED7619D53F3C00B7BD7F /* Lab */ = {
			isa = PBXNativeTarget;
			buildConfigurationList = 3FFEED9619D53F3C00B7BD7F /* Build configuration list for PBXNativeTarget "Lab" */;
			buildPhases = (
				3FFEED7319D53F3C00B7BD7F /* Sources */,
				3FFEED7419D53F3C00B7BD7F /* Frameworks */,
				3FFEED7519D53F3C00B7BD7F /* Resources */,
			);
			buildRules = (
			);
			dependencies = (
			);
			name = Lab;
			productName = Lab;
			productReference = 3FFEED7719D53F3C00B7BD7F /* Lab.app */;
			productType = "com.apple.product-type.application";
		};
		3FFEED8B19D53F3C00B7BD7F /* LabTests */ = {
			isa = PBXNativeTarget;
			buildConfigurationList = 3FFEED9919D53F3C00B7BD7F /* Build configuration list for PBXNativeTarget "LabTests" */;
			buildPhases = (
				3FFEED8819D53F3C00B7BD7F /* Sources */,
				3FFEED8919D53F3C00B7BD7F /* Frameworks */,
				3FFEED8A19D53F3C00B7BD7F /* Resources */,
			);
			buildRules = (
			);
			dependencies = (
				3FFEED8E19D53F3C00B7BD7F /* PBXTargetDependency */,
			);
			name = LabTests;
			productName = LabTests;
			productReference = 3FFEED8C19D53F3C00B7BD7F /* LabTests.xctest */;
			productType = "com.apple.product-type.bundle.unit-test";
		};
/* End PBXNativeTarget section */

/* Begin PBXProject section */
		3FFEED6F19D53F3C00B7BD7F /* Project object */ = {
			isa = PBXProject;
			attributes = {
				LastUpgradeCheck = 0600;
				ORGANIZATIONNAME = Student;
				TargetAttributes = {
					3FFEED7619D53F3C00B7BD7F = {
						CreatedOnToolsVersion = 6.0;
					};
					3FFEED8B19D53F3C00B7BD7F = {
						CreatedOnToolsVersion = 6.0;
						TestTargetID = 3FFEED7619D53F3C00B7BD7F;
					};
				};
			};
			buildConfigurationList = 3FFEED7219D53F3C00B7BD7F /* Build configuration list for PBXProject "Lab" */;
			compatibilityVersion = "Xcode 3.2";
			developmentRegion = English;
			hasScannedForEncodings = 0;
			knownRegions = (
				en,
				Base,
			);
			mainGroup = 3FFEED6E19D53F3C00B7BD7F;
			productRefGroup = 3FFEED7819D53F3C00B7BD7F /* Products */;
			projectDirPath = "";
			projectRoot = "";
			targets = (
				3FFEED7619D53F3C00B7BD7F /* Lab */,
				3FFEED8B19D53F3C00B7BD7F /* LabTests */,
			);
		};
/* End PBXProject section */

/* Begin PBXResourcesBuildPhase section */
		3FFEED7519D53F3C00B7BD7F /* Resources */ = {
			isa = PBXResourcesBuildPhase;
			buildActionMask = 2147483647;
			files = (
				3FFEED8219D53F3C00B7BD7F /* Main.storyboard in Resources */,
				3FFEED8719D53F3C00B7BD7F /* LaunchScreen.xib in Resources */,
				3FFEED8419D53F3C00B7BD7F /* Images.xcassets in Resources */,
			);
			runOnlyForDeploymentPostprocessing = 0;
		};
		3FFEED8A19D53F3C00B7BD7F /* Resources */ = {
			isa = PBXResourcesBuildPhase;
			buildActionMask = 2147483647;
			files = (
			);
			runOnlyForDeploymentPostprocessing = 0;
		};
/* End PBXResourcesBuildPhase section */

/* Begin PBXSourcesBuildPhase section */
		3FFEED7319D53F3C00B7BD7F /* Sources */ = {
			isa = PBXSourcesBuildPhase;
			buildActionMask = 2147483647;
			files = (
				3FFEED7F19D53F3C00B7BD7F /* ViewController.swift in Sources */,
				3FFEED7D19D53F3C00B7BD7F /* AppDelegate.swift in Sources */,
			);
			runOnlyForDeploymentPostprocessing = 0;
		};
		3FFEED8819D53F3C00B7BD7F /* Sources */ = {
			isa = PBXSourcesBuildPhase;
			buildActionMask = 2147483647;
			files = (
				3FFEED9319D53F3C00B7BD7F /* LabTests.swift in Sources */,
			);
			runOnlyForDeploymentPostprocessing = 0;
		};
/* End PBXSourcesBuildPhase section */

/* Begin PBXTargetDependency section */
		3FFEED8E19D53F3C00B7BD7F /* PBXTargetDependency */ = {
			isa = PBXTargetDependency;
			target = 3FFEED7619D53F3C00B7BD7F /* Lab */;
			targetProxy = 3FFEED8D19D53F3C00B7BD7F /* PBXContainerItemProxy */;
		};
/* End PBXTargetDependency section */

/* Begin PBXVariantGroup section */
		3FFEED8019D53F3C00B7BD7F /* Main.storyboard */ = {
			isa = PBXVariantGroup;
			children = (
				3FFEED8119D53F3C00B7BD7F /* Base */,
			);
			name = Main.storyboard;
			sourceTree = "<group>";
		};
		3FFEED8519D53F3C00B7BD7F /* LaunchScreen.xib */ = {
			isa = PBXVariantGroup;
			children = (
				3FFEED8619D53F3C00B7BD7F /* Base */,
			);
			name = LaunchScreen.xib;
			sourceTree = "<group>";
		};
/* End PBXVariantGroup section */

/* Begin XCBuildConfiguration section */
		3FFEED9419D53F3C00B7BD7F /* Debug */ = {
			isa = XCBuildConfiguration;
			buildSettings = {
				ALWAYS_SEARCH_USER_PATHS = NO;
				CLANG_CXX_LANGUAGE_STANDARD = "gnu++0x";
				CLANG_CXX_LIBRARY = "libc++";
				CLANG_ENABLE_MODULES = YES;
				CLANG_ENABLE_OBJC_ARC = YES;
				CLANG_WARN_BOOL_CONVERSION = YES;
				CLANG_WARN_CONSTANT_CONVERSION = YES;
				CLANG_WARN_DIRECT_OBJC_ISA_USAGE = YES_ERROR;
				CLANG_WARN_EMPTY_BODY = YES;
				CLANG_WARN_ENUM_CONVERSION = YES;
				CLANG_WARN_INT_CONVERSION = YES;
				CLANG_WARN_OBJC_ROOT_CLASS = YES_ERROR;
				CLANG_WARN_UNREACHABLE_CODE = YES;
				CLANG_WARN__DUPLICATE_METHOD_MATCH = YES;
				"CODE_SIGN_IDENTITY[sdk=iphoneos*]" = "iPhone Developer";
				COPY_PHASE_STRIP = NO;
				ENABLE_STRICT_OBJC_MSGSEND = YES;
				GCC_C_LANGUAGE_STANDARD = gnu99;
				GCC_DYNAMIC_NO_PIC = NO;
				GCC_OPTIMIZATION_LEVEL = 0;
				GCC_PREPROCESSOR_DEFINITIONS = (
					"DEBUG=1",
					"$(inherited)",
				);
				GCC_SYMBOLS_PRIVATE_EXTERN = NO;
				GCC_WARN_64_TO_32_BIT_CONVERSION = YES;
				GCC_WARN_ABOUT_RETURN_TYPE = YES_ERROR;
				GCC_WARN_UNDECLARED_SELECTOR = YES;
				GCC_WARN_UNINITIALIZED_AUTOS = YES_AGGRESSIVE;
				GCC_WARN_UNUSED_FUNCTION = YES;
				GCC_WARN_UNUSED_VARIABLE = YES;
				IPHONEOS_DEPLOYMENT_TARGET = 8.0;
				MTL_ENABLE_DEBUG_INFO = YES;
				ONLY_ACTIVE_ARCH = YES;
				SDKROOT = iphoneos;
				SWIFT_OPTIMIZATION_LEVEL = "-Onone";
			};
			name = Debug;
		};
		3FFEED9519D53F3C00B7BD7F /* Release */ = {
			isa = XCBuildConfiguration;
			buildSettings = {
				ALWAYS_SEARCH_USER_PATHS = NO;
				CLANG_CXX_LANGUAGE_STANDARD = "gnu++0x";
				CLANG_CXX_LIBRARY = "libc++";
				CLANG_ENABLE_MODULES = YES;
				CLANG_ENABLE_OBJC_ARC = YES;
				CLANG_WARN_BOOL_CONVERSION = YES;
				CLANG_WARN_CONSTANT_CONVERSION = YES;
				CLANG_WARN_DIRECT_OBJC_ISA_USAGE = YES_ERROR;
				CLANG_WARN_EMPTY_BODY = YES;
				CLANG_WARN_ENUM_CONVERSION = YES;
				CLANG_WARN_INT_CONVERSION = YES;
				CLANG_WARN_OBJC_ROOT_CLASS = YES_ERROR;
				CLANG_WARN_UNREACHABLE_CODE = YES;
				CLANG_WARN__DUPLICATE_METHOD_MATCH = YES;
				"CODE_SIGN_IDENTITY[sdk=iphoneos*]" = "iPhone Developer";
				COPY_PHASE_STRIP = YES;
				ENABLE_NS_ASSERTIONS = NO;
				ENABLE_STRICT_OBJC_MSGSEND = YES;
				GCC_C_LANGUAGE_STANDARD = gnu99;
				GCC_WARN_64_TO_32_BIT_CONVERSION = YES;
				GCC_WARN_ABOUT_RETURN_TYPE = YES_ERROR;
				GCC_WARN_UNDECLARED_SELECTOR = YES;
				GCC_WARN_UNINITIALIZED_AUTOS = YES_AGGRESSIVE;
				GCC_WARN_UNUSED_FUNCTION = YES;
				GCC_WARN_UNUSED_VARIABLE = YES;
				IPHONEOS_DEPLOYMENT_TARGET = 8.0;
				MTL_ENABLE_DEBUG_INFO = NO;
				SDKROOT = iphoneos;
				VALIDATE_PRODUCT = YES;
			};
			name = Release;
		};
		3FFEED9719D53F3C00B7BD7F /* Debug */ = {
			isa = XCBuildConfiguration;
			buildSettings = {
				ASSETCATALOG_COMPILER_APPICON_NAME = AppIcon;
				INFOPLIST_FILE = Lab/Info.plist;
				LD_RUNPATH_SEARCH_PATHS = "$(inherited) @executable_path/Frameworks";
				PRODUCT_NAME = "$(TARGET_NAME)";
			};
			name = Debug;
		};
		3FFEED9819D53F3C00B7BD7F /* Release */ = {
			isa = XCBuildConfiguration;
			buildSettings = {
				ASSETCATALOG_COMPILER_APPICON_NAME = AppIcon;
				INFOPLIST_FILE = Lab/Info.plist;
				LD_RUNPATH_SEARCH_PATHS = "$(inherited) @executable_path/Frameworks";
				PRODUCT_NAME = "$(TARGET_NAME)";
			};
			name = Release;
		};
		3FFEED9A19D53F3C00B7BD7F /* Debug */ = {
			isa = XCBuildConfiguration;
			buildSettings = {
				BUNDLE_LOADER = "$(TEST_HOST)";
				FRAMEWORK_SEARCH_PATHS = (
					"$(SDKROOT)/Developer/Library/Frameworks",
					"$(inherited)",
				);
				GCC_PREPROCESSOR_DEFINITIONS = (
					"DEBUG=1",
					"$(inherited)",
				);
				INFOPLIST_FILE = LabTests/Info.plist;
				LD_RUNPATH_SEARCH_PATHS = "$(inherited) @executable_path/Frameworks @loader_path/Frameworks";
				PRODUCT_NAME = "$(TARGET_NAME)";
				TEST_HOST = "$(BUILT_PRODUCTS_DIR)/Lab.app/Lab";
			};
			name = Debug;
		};
		3FFEED9B19D53F3C00B7BD7F /* Release */ = {
			isa = XCBuildConfiguration;
			buildSettings = {
				BUNDLE_LOADER = "$(TEST_HOST)";
				FRAMEWORK_SEARCH_PATHS = (
					"$(SDKROOT)/Developer/Library/Frameworks",
					"$(inherited)",
				);
				INFOPLIST_FILE = LabTests/Info.plist;
				LD_RUNPATH_SEARCH_PATHS = "$(inherited) @executable_path/Frameworks @loader_path/Frameworks";
				PRODUCT_NAME = "$(TARGET_NAME)";
				TEST_HOST = "$(BUILT_PRODUCTS_DIR)/Lab.app/Lab";
			};
			name = Release;
		};
/* End XCBuildConfiguration section */

/* Begin XCConfigurationList section */
		3FFEED7219D53F3C00B7BD7F /* Build configuration list for PBXProject "Lab" */ = {
			isa = XCConfigurationList;
			buildConfigurations = (
				3FFEED9419D53F3C00B7BD7F /* Debug */,
				3FFEED9519D53F3C00B7BD7F /* Release */,
			);
			defaultConfigurationIsVisible = 0;
			defaultConfigurationName = Release;
		};
		3FFEED9619D53F3C00B7BD7F /* Build configuration list for PBXNativeTarget "Lab" */ = {
			isa = XCConfigurationList;
			buildConfigurations = (
				3FFEED9719D53F3C00B7BD7F /* Debug */,
				3FFEED9819D53F3C00B7BD7F /* Release */,
			);
			defaultConfigurationIsVisible = 0;
		};
		3FFEED9919D53F3C00B7BD7F /* Build configuration list for PBXNativeTarget "LabTests" */ = {
			isa = XCConfigurationList;
			buildConfigurations = (
				3FFEED9A19D53F3C00B7BD7F /* Debug */,
				3FFEED9B19D53F3C00B7BD7F /* Release */,
			);
			defaultConfigurationIsVisible = 0;
		};
/* End XCConfigurationList section */
	};
	rootObject = 3FFEED6F19D53F3C00B7BD7F /* Project object */;
}
